
Microsoft Visual Studio Solution File, Format Version 12.00
# Visual Studio 14
VisualStudioVersion = 14.0.25420.1
MinimumVisualStudioVersion = 10.0.40219.1
Project("{FAE04EC0-301F-11D3-BF4B-00C04F79EFBC}") = "KiMobile.Droid", "KiMobile\KiMobile.Droid\KiMobile.Droid.csproj", "{653CB633-A38F-4925-A56A-C9A5F2DED3C8}"
EndProject
Project("{FAE04EC0-301F-11D3-BF4B-00C04F79EFBC}") = "KiMobile.iOS", "KiMobile\KiMobile.iOS\KiMobile.iOS.csproj", "{C6404B6B-B90A-4D16-9EE1-A23B69D965F2}"
EndProject
Project("{FAE04EC0-301F-11D3-BF4B-00C04F79EFBC}") = "KiMobile.WinPhone", "KiMobile\KiMobile.WinPhone\KiMobile.WinPhone.csproj", "{8D20E23B-574C-4C5B-B558-8E718A35FC05}"
EndProject
Project("{FAE04EC0-301F-11D3-BF4B-00C04F79EFBC}") = "KiMobile.UWP", "KiMobile\KiMobile.UWP\KiMobile.UWP.csproj", "{470B2B8F-139B-448E-A97E-F2D8EBC6AD83}"
EndProject
Project("{FAE04EC0-301F-11D3-BF4B-00C04F79EFBC}") = "KiMobile.Windows", "KiMobile\KiMobile.Windows\KiMobile.Windows.csproj", "{627FF3AC-19F5-43F4-9D31-3AFD04ECFEB7}"
EndProject
Project("{D954291E-2A0B-460D-934E-DC6B0785DB48}") = "KiMobile", "KiMobile\KiMobile\KiMobile.shproj", "{3D08A493-FA60-4D37-B6EB-2C799D2BA540}"
EndProject
Global
	GlobalSection(SharedMSBuildProjectFiles) = preSolution
		KiMobile\KiMobile\KiMobile.projitems*{3d08a493-fa60-4d37-b6eb-2c799d2ba540}*SharedItemsImports = 13
		KiMobile\KiMobile\KiMobile.projitems*{470b2b8f-139b-448e-a97e-f2d8ebc6ad83}*SharedItemsImports = 4
		KiMobile\KiMobile\KiMobile.projitems*{627ff3ac-19f5-43f4-9d31-3afd04ecfeb7}*SharedItemsImports = 4
		KiMobile\KiMobile\KiMobile.projitems*{653cb633-a38f-4925-a56a-c9a5f2ded3c8}*SharedItemsImports = 4
		KiMobile\KiMobile\KiMobile.projitems*{8d20e23b-574c-4c5b-b558-8e718a35fc05}*SharedItemsImports = 4
		KiMobile\KiMobile\KiMobile.projitems*{c6404b6b-b90a-4d16-9ee1-a23b69d965f2}*SharedItemsImports = 4
	EndGlobalSection
	GlobalSection(SolutionConfigurationPlatforms) = preSolution
		Ad-Hoc|Any CPU = Ad-Hoc|Any CPU
		Ad-Hoc|ARM = Ad-Hoc|ARM
		Ad-Hoc|iPhone = Ad-Hoc|iPhone
		Ad-Hoc|iPhoneSimulator = Ad-Hoc|iPhoneSimulator
		Ad-Hoc|x64 = Ad-Hoc|x64
		Ad-Hoc|x86 = Ad-Hoc|x86
		AppStore|Any CPU = AppStore|Any CPU
		AppStore|ARM = AppStore|ARM
		AppStore|iPhone = AppStore|iPhone
		AppStore|iPhoneSimulator = AppStore|iPhoneSimulator
		AppStore|x64 = AppStore|x64
		AppStore|x86 = AppStore|x86
		Debug|Any CPU = Debug|Any CPU
		Debug|ARM = Debug|ARM
		Debug|iPhone = Debug|iPhone
		Debug|iPhoneSimulator = Debug|iPhoneSimulator
		Debug|x64 = Debug|x64
		Debug|x86 = Debug|x86
		Release|Any CPU = Release|Any CPU
		Release|ARM = Release|ARM
		Release|iPhone = Release|iPhone
		Release|iPhoneSimulator = Release|iPhoneSimulator
		Release|x64 = Release|x64
		Release|x86 = Release|x86
	EndGlobalSection
	GlobalSection(ProjectConfigurationPlatforms) = postSolution
		{653CB633-A38F-4925-A56A-C9A5F2DED3C8}.Ad-Hoc|Any CPU.ActiveCfg = Release|Any CPU
		{653CB633-A38F-4925-A56A-C9A5F2DED3C8}.Ad-Hoc|Any CPU.Build.0 = Release|Any CPU
		{653CB633-A38F-4925-A56A-C9A5F2DED3C8}.Ad-Hoc|Any CPU.Deploy.0 = Release|Any CPU
		{653CB633-A38F-4925-A56A-C9A5F2DED3C8}.Ad-Hoc|ARM.ActiveCfg = Release|Any CPU
		{653CB633-A38F-4925-A56A-C9A5F2DED3C8}.Ad-Hoc|ARM.Build.0 = Release|Any CPU
		{653CB633-A38F-4925-A56A-C9A5F2DED3C8}.Ad-Hoc|ARM.Deploy.0 = Release|Any CPU
		{653CB633-A38F-4925-A56A-C9A5F2DED3C8}.Ad-Hoc|iPhone.ActiveCfg = Release|Any CPU
		{653CB633-A38F-4925-A56A-C9A5F2DED3C8}.Ad-Hoc|iPhone.Build.0 = Release|Any CPU
		{653CB633-A38F-4925-A56A-C9A5F2DED3C8}.Ad-Hoc|iPhone.Deploy.0 = Release|Any CPU
		{653CB633-A38F-4925-A56A-C9A5F2DED3C8}.Ad-Hoc|iPhoneSimulator.ActiveCfg = Release|Any CPU
		{653CB633-A38F-4925-A56A-C9A5F2DED3C8}.Ad-Hoc|iPhoneSimulator.Build.0 = Release|Any CPU
		{653CB633-A38F-4925-A56A-C9A5F2DED3C8}.Ad-Hoc|iPhoneSimulator.Deploy.0 = Release|Any CPU
		{653CB633-A38F-4925-A56A-C9A5F2DED3C8}.Ad-Hoc|x64.ActiveCfg = Release|Any CPU
		{653CB633-A38F-4925-A56A-C9A5F2DED3C8}.Ad-Hoc|x64.Build.0 = Release|Any CPU
		{653CB633-A38F-4925-A56A-C9A5F2DED3C8}.Ad-Hoc|x64.Deploy.0 = Release|Any CPU
		{653CB633-A38F-4925-A56A-C9A5F2DED3C8}.Ad-Hoc|x86.ActiveCfg = Release|Any CPU
		{653CB633-A38F-4925-A56A-C9A5F2DED3C8}.Ad-Hoc|x86.Build.0 = Release|Any CPU
		{653CB633-A38F-4925-A56A-C9A5F2DED3C8}.Ad-Hoc|x86.Deploy.0 = Release|Any CPU
		{653CB633-A38F-4925-A56A-C9A5F2DED3C8}.AppStore|Any CPU.ActiveCfg = Release|Any CPU
		{653CB633-A38F-4925-A56A-C9A5F2DED3C8}.AppStore|Any CPU.Build.0 = Release|Any CPU
		{653CB633-A38F-4925-A56A-C9A5F2DED3C8}.AppStore|Any CPU.Deploy.0 = Release|Any CPU
		{653CB633-A38F-4925-A56A-C9A5F2DED3C8}.AppStore|ARM.ActiveCfg = Release|Any CPU
		{653CB633-A38F-4925-A56A-C9A5F2DED3C8}.AppStore|ARM.Build.0 = Release|Any CPU
		{653CB633-A38F-4925-A56A-C9A5F2DED3C8}.AppStore|ARM.Deploy.0 = Release|Any CPU
		{653CB633-A38F-4925-A56A-C9A5F2DED3C8}.AppStore|iPhone.ActiveCfg = Release|Any CPU
		{653CB633-A38F-4925-A56A-C9A5F2DED3C8}.AppStore|iPhone.Build.0 = Release|Any CPU
		{653CB633-A38F-4925-A56A-C9A5F2DED3C8}.AppStore|iPhone.Deploy.0 = Release|Any CPU
		{653CB633-A38F-4925-A56A-C9A5F2DED3C8}.AppStore|iPhoneSimulator.ActiveCfg = Release|Any CPU
		{653CB633-A38F-4925-A56A-C9A5F2DED3C8}.AppStore|iPhoneSimulator.Build.0 = Release|Any CPU
		{653CB633-A38F-4925-A56A-C9A5F2DED3C8}.AppStore|iPhoneSimulator.Deploy.0 = Release|Any CPU
		{653CB633-A38F-4925-A56A-C9A5F2DED3C8}.AppStore|x64.ActiveCfg = Release|Any CPU
		{653CB633-A38F-4925-A56A-C9A5F2DED3C8}.AppStore|x64.Build.0 = Release|Any CPU
		{653CB633-A38F-4925-A56A-C9A5F2DED3C8}.AppStore|x64.Deploy.0 = Release|Any CPU
		{653CB633-A38F-4925-A56A-C9A5F2DED3C8}.AppStore|x86.ActiveCfg = Release|Any CPU
		{653CB633-A38F-4925-A56A-C9A5F2DED3C8}.AppStore|x86.Build.0 = Release|Any CPU
		{653CB633-A38F-4925-A56A-C9A5F2DED3C8}.AppStore|x86.Deploy.0 = Release|Any CPU
		{653CB633-A38F-4925-A56A-C9A5F2DED3C8}.Debug|Any CPU.ActiveCfg = Debug|Any CPU
		{653CB633-A38F-4925-A56A-C9A5F2DED3C8}.Debug|Any CPU.Build.0 = Debug|Any CPU
		{653CB633-A38F-4925-A56A-C9A5F2DED3C8}.Debug|Any CPU.Deploy.0 = Debug|Any CPU
		{653CB633-A38F-4925-A56A-C9A5F2DED3C8}.Debug|ARM.ActiveCfg = Debug|Any CPU
		{653CB633-A38F-4925-A56A-C9A5F2DED3C8}.Debug|ARM.Build.0 = Debug|Any CPU
		{653CB633-A38F-4925-A56A-C9A5F2DED3C8}.Debug|ARM.Deploy.0 = Debug|Any CPU
		{653CB633-A38F-4925-A56A-C9A5F2DED3C8}.Debug|iPhone.ActiveCfg = Debug|Any CPU
		{653CB633-A38F-4925-A56A-C9A5F2DED3C8}.Debug|iPhone.Build.0 = Debug|Any CPU
		{653CB633-A38F-4925-A56A-C9A5F2DED3C8}.Debug|iPhone.Deploy.0 = Debug|Any CPU
		{653CB633-A38F-4925-A56A-C9A5F2DED3C8}.Debug|iPhoneSimulator.ActiveCfg = Debug|Any CPU
		{653CB633-A38F-4925-A56A-C9A5F2DED3C8}.Debug|iPhoneSimulator.Build.0 = Debug|Any CPU
		{653CB633-A38F-4925-A56A-C9A5F2DED3C8}.Debug|iPhoneSimulator.Deploy.0 = Debug|Any CPU
		{653CB633-A38F-4925-A56A-C9A5F2DED3C8}.Debug|x64.ActiveCfg = Debug|Any CPU
		{653CB633-A38F-4925-A56A-C9A5F2DED3C8}.Debug|x64.Build.0 = Debug|Any CPU
		{653CB633-A38F-4925-A56A-C9A5F2DED3C8}.Debug|x64.Deploy.0 = Debug|Any CPU
		{653CB633-A38F-4925-A56A-C9A5F2DED3C8}.Debug|x86.ActiveCfg = Debug|Any CPU
		{653CB633-A38F-4925-A56A-C9A5F2DED3C8}.Debug|x86.Build.0 = Debug|Any CPU
		{653CB633-A38F-4925-A56A-C9A5F2DED3C8}.Debug|x86.Deploy.0 = Debug|Any CPU
		{653CB633-A38F-4925-A56A-C9A5F2DED3C8}.Release|Any CPU.ActiveCfg = Release|Any CPU
		{653CB633-A38F-4925-A56A-C9A5F2DED3C8}.Release|Any CPU.Build.0 = Release|Any CPU
		{653CB633-A38F-4925-A56A-C9A5F2DED3C8}.Release|Any CPU.Deploy.0 = Release|Any CPU
		{653CB633-A38F-4925-A56A-C9A5F2DED3C8}.Release|ARM.ActiveCfg = Release|Any CPU
		{653CB633-A38F-4925-A56A-C9A5F2DED3C8}.Release|ARM.Build.0 = Release|Any CPU
		{653CB633-A38F-4925-A56A-C9A5F2DED3C8}.Release|ARM.Deploy.0 = Release|Any CPU
		{653CB633-A38F-4925-A56A-C9A5F2DED3C8}.Release|iPhone.ActiveCfg = Release|Any CPU
		{653CB633-A38F-4925-A56A-C9A5F2DED3C8}.Release|iPhone.Build.0 = Release|Any CPU
		{653CB633-A38F-4925-A56A-C9A5F2DED3C8}.Release|iPhone.Deploy.0 = Release|Any CPU
		{653CB633-A38F-4925-A56A-C9A5F2DED3C8}.Release|iPhoneSimulator.ActiveCfg = Release|Any CPU
		{653CB633-A38F-4925-A56A-C9A5F2DED3C8}.Release|iPhoneSimulator.Build.0 = Release|Any CPU
		{653CB633-A38F-4925-A56A-C9A5F2DED3C8}.Release|iPhoneSimulator.Deploy.0 = Release|Any CPU
		{653CB633-A38F-4925-A56A-C9A5F2DED3C8}.Release|x64.ActiveCfg = Release|Any CPU
		{653CB633-A38F-4925-A56A-C9A5F2DED3C8}.Release|x64.Build.0 = Release|Any CPU
		{653CB633-A38F-4925-A56A-C9A5F2DED3C8}.Release|x64.Deploy.0 = Release|Any CPU
		{653CB633-A38F-4925-A56A-C9A5F2DED3C8}.Release|x86.ActiveCfg = Release|Any CPU
		{653CB633-A38F-4925-A56A-C9A5F2DED3C8}.Release|x86.Build.0 = Release|Any CPU
		{653CB633-A38F-4925-A56A-C9A5F2DED3C8}.Release|x86.Deploy.0 = Release|Any CPU
		{C6404B6B-B90A-4D16-9EE1-A23B69D965F2}.Ad-Hoc|Any CPU.ActiveCfg = Ad-Hoc|iPhone
		{C6404B6B-B90A-4D16-9EE1-A23B69D965F2}.Ad-Hoc|ARM.ActiveCfg = Ad-Hoc|iPhone
		{C6404B6B-B90A-4D16-9EE1-A23B69D965F2}.Ad-Hoc|iPhone.ActiveCfg = Ad-Hoc|iPhone
		{C6404B6B-B90A-4D16-9EE1-A23B69D965F2}.Ad-Hoc|iPhone.Build.0 = Ad-Hoc|iPhone
		{C6404B6B-B90A-4D16-9EE1-A23B69D965F2}.Ad-Hoc|iPhoneSimulator.ActiveCfg = Ad-Hoc|iPhoneSimulator
		{C6404B6B-B90A-4D16-9EE1-A23B69D965F2}.Ad-Hoc|iPhoneSimulator.Build.0 = Ad-Hoc|iPhoneSimulator
		{C6404B6B-B90A-4D16-9EE1-A23B69D965F2}.Ad-Hoc|x64.ActiveCfg = Ad-Hoc|iPhone
		{C6404B6B-B90A-4D16-9EE1-A23B69D965F2}.Ad-Hoc|x86.ActiveCfg = Ad-Hoc|iPhone
		{C6404B6B-B90A-4D16-9EE1-A23B69D965F2}.AppStore|Any CPU.ActiveCfg = AppStore|iPhone
		{C6404B6B-B90A-4D16-9EE1-A23B69D965F2}.AppStore|ARM.ActiveCfg = AppStore|iPhone
		{C6404B6B-B90A-4D16-9EE1-A23B69D965F2}.AppStore|iPhone.ActiveCfg = AppStore|iPhone
		{C6404B6B-B90A-4D16-9EE1-A23B69D965F2}.AppStore|iPhone.Build.0 = AppStore|iPhone
		{C6404B6B-B90A-4D16-9EE1-A23B69D965F2}.AppStore|iPhoneSimulator.ActiveCfg = AppStore|iPhoneSimulator
		{C6404B6B-B90A-4D16-9EE1-A23B69D965F2}.AppStore|iPhoneSimulator.Build.0 = AppStore|iPhoneSimulator
		{C6404B6B-B90A-4D16-9EE1-A23B69D965F2}.AppStore|x64.ActiveCfg = AppStore|iPhone
		{C6404B6B-B90A-4D16-9EE1-A23B69D965F2}.AppStore|x86.ActiveCfg = AppStore|iPhone
		{C6404B6B-B90A-4D16-9EE1-A23B69D965F2}.Debug|Any CPU.ActiveCfg = Debug|iPhone
		{C6404B6B-B90A-4D16-9EE1-A23B69D965F2}.Debug|ARM.ActiveCfg = Debug|iPhone
		{C6404B6B-B90A-4D16-9EE1-A23B69D965F2}.Debug|iPhone.ActiveCfg = Debug|iPhone
		{C6404B6B-B90A-4D16-9EE1-A23B69D965F2}.Debug|iPhone.Build.0 = Debug|iPhone
		{C6404B6B-B90A-4D16-9EE1-A23B69D965F2}.Debug|iPhoneSimulator.ActiveCfg = Debug|iPhoneSimulator
		{C6404B6B-B90A-4D16-9EE1-A23B69D965F2}.Debug|iPhoneSimulator.Build.0 = Debug|iPhoneSimulator
		{C6404B6B-B90A-4D16-9EE1-A23B69D965F2}.Debug|x64.ActiveCfg = Debug|iPhone
		{C6404B6B-B90A-4D16-9EE1-A23B69D965F2}.Debug|x86.ActiveCfg = Debug|iPhone
		{C6404B6B-B90A-4D16-9EE1-A23B69D965F2}.Release|Any CPU.ActiveCfg = Release|iPhone
		{C6404B6B-B90A-4D16-9EE1-A23B69D965F2}.Release|ARM.ActiveCfg = Release|iPhone
		{C6404B6B-B90A-4D16-9EE1-A23B69D965F2}.Release|iPhone.ActiveCfg = Release|iPhone
		{C6404B6B-B90A-4D16-9EE1-A23B69D965F2}.Release|iPhone.Build.0 = Release|iPhone
		{C6404B6B-B90A-4D16-9EE1-A23B69D965F2}.Release|iPhoneSimulator.ActiveCfg = Release|iPhoneSimulator
		{C6404B6B-B90A-4D16-9EE1-A23B69D965F2}.Release|iPhoneSimulator.Build.0 = Release|iPhoneSimulator
		{C6404B6B-B90A-4D16-9EE1-A23B69D965F2}.Release|x64.ActiveCfg = Release|iPhone
		{C6404B6B-B90A-4D16-9EE1-A23B69D965F2}.Release|x86.ActiveCfg = Release|iPhone
		{8D20E23B-574C-4C5B-B558-8E718A35FC05}.Ad-Hoc|Any CPU.ActiveCfg = Release|Any CPU
		{8D20E23B-574C-4C5B-B558-8E718A35FC05}.Ad-Hoc|Any CPU.Build.0 = Release|Any CPU
		{8D20E23B-574C-4C5B-B558-8E718A35FC05}.Ad-Hoc|Any CPU.Deploy.0 = Release|Any CPU
		{8D20E23B-574C-4C5B-B558-8E718A35FC05}.Ad-Hoc|ARM.ActiveCfg = Release|ARM
		{8D20E23B-574C-4C5B-B558-8E718A35FC05}.Ad-Hoc|ARM.Build.0 = Release|ARM
		{8D20E23B-574C-4C5B-B558-8E718A35FC05}.Ad-Hoc|ARM.Deploy.0 = Release|ARM
		{8D20E23B-574C-4C5B-B558-8E718A35FC05}.Ad-Hoc|iPhone.ActiveCfg = Release|Any CPU
		{8D20E23B-574C-4C5B-B558-8E718A35FC05}.Ad-Hoc|iPhone.Build.0 = Release|Any CPU
		{8D20E23B-574C-4C5B-B558-8E718A35FC05}.Ad-Hoc|iPhone.Deploy.0 = Release|Any CPU
		{8D20E23B-574C-4C5B-B558-8E718A35FC05}.Ad-Hoc|iPhoneSimulator.ActiveCfg = Release|Any CPU
		{8D20E23B-574C-4C5B-B558-8E718A35FC05}.Ad-Hoc|iPhoneSimulator.Build.0 = Release|Any CPU
		{8D20E23B-574C-4C5B-B558-8E718A35FC05}.Ad-Hoc|iPhoneSimulator.Deploy.0 = Release|Any CPU
		{8D20E23B-574C-4C5B-B558-8E718A35FC05}.Ad-Hoc|x64.ActiveCfg = Release|Any CPU
		{8D20E23B-574C-4C5B-B558-8E718A35FC05}.Ad-Hoc|x64.Build.0 = Release|Any CPU
		{8D20E23B-574C-4C5B-B558-8E718A35FC05}.Ad-Hoc|x64.Deploy.0 = Release|Any CPU
		{8D20E23B-574C-4C5B-B558-8E718A35FC05}.Ad-Hoc|x86.ActiveCfg = Release|x86
		{8D20E23B-574C-4C5B-B558-8E718A35FC05}.Ad-Hoc|x86.Build.0 = Release|x86
		{8D20E23B-574C-4C5B-B558-8E718A35FC05}.Ad-Hoc|x86.Deploy.0 = Release|x86
		{8D20E23B-574C-4C5B-B558-8E718A35FC05}.AppStore|Any CPU.ActiveCfg = Release|Any CPU
		{8D20E23B-574C-4C5B-B558-8E718A35FC05}.AppStore|Any CPU.Build.0 = Release|Any CPU
		{8D20E23B-574C-4C5B-B558-8E718A35FC05}.AppStore|Any CPU.Deploy.0 = Release|Any CPU
		{8D20E23B-574C-4C5B-B558-8E718A35FC05}.AppStore|ARM.ActiveCfg = Release|ARM
		{8D20E23B-574C-4C5B-B558-8E718A35FC05}.AppStore|ARM.Build.0 = Release|ARM
		{8D20E23B-574C-4C5B-B558-8E718A35FC05}.AppStore|ARM.Deploy.0 = Release|ARM
		{8D20E23B-574C-4C5B-B558-8E718A35FC05}.AppStore|iPhone.ActiveCfg = Release|Any CPU
		{8D20E23B-574C-4C5B-B558-8E718A35FC05}.AppStore|iPhone.Build.0 = Release|Any CPU
		{8D20E23B-574C-4C5B-B558-8E718A35FC05}.AppStore|iPhone.Deploy.0 = Release|Any CPU
		{8D20E23B-574C-4C5B-B558-8E718A35FC05}.AppStore|iPhoneSimulator.ActiveCfg = Release|Any CPU
		{8D20E23B-574C-4C5B-B558-8E718A35FC05}.AppStore|iPhoneSimulator.Build.0 = Release|Any CPU
		{8D20E23B-574C-4C5B-B558-8E718A35FC05}.AppStore|iPhoneSimulator.Deploy.0 = Release|Any CPU
		{8D20E23B-574C-4C5B-B558-8E718A35FC05}.AppStore|x64.ActiveCfg = Release|Any CPU
		{8D20E23B-574C-4C5B-B558-8E718A35FC05}.AppStore|x64.Build.0 = Release|Any CPU
		{8D20E23B-574C-4C5B-B558-8E718A35FC05}.AppStore|x64.Deploy.0 = Release|Any CPU
		{8D20E23B-574C-4C5B-B558-8E718A35FC05}.AppStore|x86.ActiveCfg = Release|x86
		{8D20E23B-574C-4C5B-B558-8E718A35FC05}.AppStore|x86.Build.0 = Release|x86
		{8D20E23B-574C-4C5B-B558-8E718A35FC05}.AppStore|x86.Deploy.0 = Release|x86
		{8D20E23B-574C-4C5B-B558-8E718A35FC05}.Debug|Any CPU.ActiveCfg = Debug|Any CPU
		{8D20E23B-574C-4C5B-B558-8E718A35FC05}.Debug|Any CPU.Build.0 = Debug|Any CPU
		{8D20E23B-574C-4C5B-B558-8E718A35FC05}.Debug|Any CPU.Deploy.0 = Debug|Any CPU
		{8D20E23B-574C-4C5B-B558-8E718A35FC05}.Debug|ARM.ActiveCfg = Debug|ARM
		{8D20E23B-574C-4C5B-B558-8E718A35FC05}.Debug|ARM.Build.0 = Debug|ARM
		{8D20E23B-574C-4C5B-B558-8E718A35FC05}.Debug|ARM.Deploy.0 = Debug|ARM
		{8D20E23B-574C-4C5B-B558-8E718A35FC05}.Debug|iPhone.ActiveCfg = Debug|Any CPU
		{8D20E23B-574C-4C5B-B558-8E718A35FC05}.Debug|iPhone.Build.0 = Debug|Any CPU
		{8D20E23B-574C-4C5B-B558-8E718A35FC05}.Debug|iPhone.Deploy.0 = Debug|Any CPU
		{8D20E23B-574C-4C5B-B558-8E718A35FC05}.Debug|iPhoneSimulator.ActiveCfg = Debug|Any CPU
		{8D20E23B-574C-4C5B-B558-8E718A35FC05}.Debug|iPhoneSimulator.Build.0 = Debug|Any CPU
		{8D20E23B-574C-4C5B-B558-8E718A35FC05}.Debug|iPhoneSimulator.Deploy.0 = Debug|Any CPU
		{8D20E23B-574C-4C5B-B558-8E718A35FC05}.Debug|x64.ActiveCfg = Debug|Any CPU
		{8D20E23B-574C-4C5B-B558-8E718A35FC05}.Debug|x64.Build.0 = Debug|Any CPU
		{8D20E23B-574C-4C5B-B558-8E718A35FC05}.Debug|x64.Deploy.0 = Debug|Any CPU
		{8D20E23B-574C-4C5B-B558-8E718A35FC05}.Debug|x86.ActiveCfg = Debug|x86
		{8D20E23B-574C-4C5B-B558-8E718A35FC05}.Debug|x86.Build.0 = Debug|x86
		{8D20E23B-574C-4C5B-B558-8E718A35FC05}.Debug|x86.Deploy.0 = Debug|x86
		{8D20E23B-574C-4C5B-B558-8E718A35FC05}.Release|Any CPU.ActiveCfg = Release|Any CPU
		{8D20E23B-574C-4C5B-B558-8E718A35FC05}.Release|Any CPU.Build.0 = Release|Any CPU
		{8D20E23B-574C-4C5B-B558-8E718A35FC05}.Release|Any CPU.Deploy.0 = Release|Any CPU
		{8D20E23B-574C-4C5B-B558-8E718A35FC05}.Release|ARM.ActiveCfg = Release|ARM
		{8D20E23B-574C-4C5B-B558-8E718A35FC05}.Release|ARM.Build.0 = Release|ARM
		{8D20E23B-574C-4C5B-B558-8E718A35FC05}.Release|ARM.Deploy.0 = Release|ARM
		{8D20E23B-574C-4C5B-B558-8E718A35FC05}.Release|iPhone.ActiveCfg = Release|Any CPU
		{8D20E23B-574C-4C5B-B558-8E718A35FC05}.Release|iPhone.Build.0 = Release|Any CPU
		{8D20E23B-574C-4C5B-B558-8E718A35FC05}.Release|iPhone.Deploy.0 = Release|Any CPU
		{8D20E23B-574C-4C5B-B558-8E718A35FC05}.Release|iPhoneSimulator.ActiveCfg = Release|Any CPU
		{8D20E23B-574C-4C5B-B558-8E718A35FC05}.Release|iPhoneSimulator.Build.0 = Release|Any CPU
		{8D20E23B-574C-4C5B-B558-8E718A35FC05}.Release|iPhoneSimulator.Deploy.0 = Release|Any CPU
		{8D20E23B-574C-4C5B-B558-8E718A35FC05}.Release|x64.ActiveCfg = Release|Any CPU
		{8D20E23B-574C-4C5B-B558-8E718A35FC05}.Release|x64.Build.0 = Release|Any CPU
		{8D20E23B-574C-4C5B-B558-8E718A35FC05}.Release|x64.Deploy.0 = Release|Any CPU
		{8D20E23B-574C-4C5B-B558-8E718A35FC05}.Release|x86.ActiveCfg = Release|x86
		{8D20E23B-574C-4C5B-B558-8E718A35FC05}.Release|x86.Build.0 = Release|x86
		{8D20E23B-574C-4C5B-B558-8E718A35FC05}.Release|x86.Deploy.0 = Release|x86
		{470B2B8F-139B-448E-A97E-F2D8EBC6AD83}.Ad-Hoc|Any CPU.ActiveCfg = Release|x86
		{470B2B8F-139B-448E-A97E-F2D8EBC6AD83}.Ad-Hoc|Any CPU.Build.0 = Release|x86
		{470B2B8F-139B-448E-A97E-F2D8EBC6AD83}.Ad-Hoc|Any CPU.Deploy.0 = Release|x86
		{470B2B8F-139B-448E-A97E-F2D8EBC6AD83}.Ad-Hoc|ARM.ActiveCfg = Release|ARM
		{470B2B8F-139B-448E-A97E-F2D8EBC6AD83}.Ad-Hoc|ARM.Build.0 = Release|ARM
		{470B2B8F-139B-448E-A97E-F2D8EBC6AD83}.Ad-Hoc|ARM.Deploy.0 = Release|ARM
		{470B2B8F-139B-448E-A97E-F2D8EBC6AD83}.Ad-Hoc|iPhone.ActiveCfg = Release|x86
		{470B2B8F-139B-448E-A97E-F2D8EBC6AD83}.Ad-Hoc|iPhone.Build.0 = Release|x86
		{470B2B8F-139B-448E-A97E-F2D8EBC6AD83}.Ad-Hoc|iPhone.Deploy.0 = Release|x86
		{470B2B8F-139B-448E-A97E-F2D8EBC6AD83}.Ad-Hoc|iPhoneSimulator.ActiveCfg = Release|x86
		{470B2B8F-139B-448E-A97E-F2D8EBC6AD83}.Ad-Hoc|iPhoneSimulator.Build.0 = Release|x86
		{470B2B8F-139B-448E-A97E-F2D8EBC6AD83}.Ad-Hoc|iPhoneSimulator.Deploy.0 = Release|x86
		{470B2B8F-139B-448E-A97E-F2D8EBC6AD83}.Ad-Hoc|x64.ActiveCfg = Release|x64
		{470B2B8F-139B-448E-A97E-F2D8EBC6AD83}.Ad-Hoc|x64.Build.0 = Release|x64
		{470B2B8F-139B-448E-A97E-F2D8EBC6AD83}.Ad-Hoc|x64.Deploy.0 = Release|x64
		{470B2B8F-139B-448E-A97E-F2D8EBC6AD83}.Ad-Hoc|x86.ActiveCfg = Release|x86
		{470B2B8F-139B-448E-A97E-F2D8EBC6AD83}.Ad-Hoc|x86.Build.0 = Release|x86
		{470B2B8F-139B-448E-A97E-F2D8EBC6AD83}.Ad-Hoc|x86.Deploy.0 = Release|x86
		{470B2B8F-139B-448E-A97E-F2D8EBC6AD83}.AppStore|Any CPU.ActiveCfg = Release|x86
		{470B2B8F-139B-448E-A97E-F2D8EBC6AD83}.AppStore|Any CPU.Build.0 = Release|x86
		{470B2B8F-139B-448E-A97E-F2D8EBC6AD83}.AppStore|Any CPU.Deploy.0 = Release|x86
		{470B2B8F-139B-448E-A97E-F2D8EBC6AD83}.AppStore|ARM.ActiveCfg = Release|ARM
		{470B2B8F-139B-448E-A97E-F2D8EBC6AD83}.AppStore|ARM.Build.0 = Release|ARM
		{470B2B8F-139B-448E-A97E-F2D8EBC6AD83}.AppStore|ARM.Deploy.0 = Release|ARM
		{470B2B8F-139B-448E-A97E-F2D8EBC6AD83}.AppStore|iPhone.ActiveCfg = Release|x86
		{470B2B8F-139B-448E-A97E-F2D8EBC6AD83}.AppStore|iPhone.Build.0 = Release|x86
		{470B2B8F-139B-448E-A97E-F2D8EBC6AD83}.AppStore|iPhone.Deploy.0 = Release|x86
		{470B2B8F-139B-448E-A97E-F2D8EBC6AD83}.AppStore|iPhoneSimulator.ActiveCfg = Release|x86
		{470B2B8F-139B-448E-A97E-F2D8EBC6AD83}.AppStore|iPhoneSimulator.Build.0 = Release|x86
		{470B2B8F-139B-448E-A97E-F2D8EBC6AD83}.AppStore|iPhoneSimulator.Deploy.0 = Release|x86
		{470B2B8F-139B-448E-A97E-F2D8EBC6AD83}.AppStore|x64.ActiveCfg = Release|x64
		{470B2B8F-139B-448E-A97E-F2D8EBC6AD83}.AppStore|x64.Build.0 = Release|x64
		{470B2B8F-139B-448E-A97E-F2D8EBC6AD83}.AppStore|x64.Deploy.0 = Release|x64
		{470B2B8F-139B-448E-A97E-F2D8EBC6AD83}.AppStore|x86.ActiveCfg = Release|x86
		{470B2B8F-139B-448E-A97E-F2D8EBC6AD83}.AppStore|x86.Build.0 = Release|x86
		{470B2B8F-139B-448E-A97E-F2D8EBC6AD83}.AppStore|x86.Deploy.0 = Release|x86
		{470B2B8F-139B-448E-A97E-F2D8EBC6AD83}.Debug|Any CPU.ActiveCfg = Debug|x86
		{470B2B8F-139B-448E-A97E-F2D8EBC6AD83}.Debug|ARM.ActiveCfg = Debug|ARM
		{470B2B8F-139B-448E-A97E-F2D8EBC6AD83}.Debug|ARM.Build.0 = Debug|ARM
		{470B2B8F-139B-448E-A97E-F2D8EBC6AD83}.Debug|ARM.Deploy.0 = Debug|ARM
		{470B2B8F-139B-448E-A97E-F2D8EBC6AD83}.Debug|iPhone.ActiveCfg = Debug|x86
		{470B2B8F-139B-448E-A97E-F2D8EBC6AD83}.Debug|iPhoneSimulator.ActiveCfg = Debug|x86
		{470B2B8F-139B-448E-A97E-F2D8EBC6AD83}.Debug|x64.ActiveCfg = Debug|x64
		{470B2B8F-139B-448E-A97E-F2D8EBC6AD83}.Debug|x64.Build.0 = Debug|x64
		{470B2B8F-139B-448E-A97E-F2D8EBC6AD83}.Debug|x64.Deploy.0 = Debug|x64
		{470B2B8F-139B-448E-A97E-F2D8EBC6AD83}.Debug|x86.ActiveCfg = Debug|x86
		{470B2B8F-139B-448E-A97E-F2D8EBC6AD83}.Debug|x86.Build.0 = Debug|x86
		{470B2B8F-139B-448E-A97E-F2D8EBC6AD83}.Debug|x86.Deploy.0 = Debug|x86
		{470B2B8F-139B-448E-A97E-F2D8EBC6AD83}.Release|Any CPU.ActiveCfg = Release|x86
		{470B2B8F-139B-448E-A97E-F2D8EBC6AD83}.Release|ARM.ActiveCfg = Release|ARM
		{470B2B8F-139B-448E-A97E-F2D8EBC6AD83}.Release|ARM.Build.0 = Release|ARM
		{470B2B8F-139B-448E-A97E-F2D8EBC6AD83}.Release|ARM.Deploy.0 = Release|ARM
		{470B2B8F-139B-448E-A97E-F2D8EBC6AD83}.Release|iPhone.ActiveCfg = Release|x86
		{470B2B8F-139B-448E-A97E-F2D8EBC6AD83}.Release|iPhoneSimulator.ActiveCfg = Release|x86
		{470B2B8F-139B-448E-A97E-F2D8EBC6AD83}.Release|x64.ActiveCfg = Release|x64
		{470B2B8F-139B-448E-A97E-F2D8EBC6AD83}.Release|x64.Build.0 = Release|x64
		{470B2B8F-139B-448E-A97E-F2D8EBC6AD83}.Release|x64.Deploy.0 = Release|x64
		{470B2B8F-139B-448E-A97E-F2D8EBC6AD83}.Release|x86.ActiveCfg = Release|x86
		{470B2B8F-139B-448E-A97E-F2D8EBC6AD83}.Release|x86.Build.0 = Release|x86
		{470B2B8F-139B-448E-A97E-F2D8EBC6AD83}.Release|x86.Deploy.0 = Release|x86
		{627FF3AC-19F5-43F4-9D31-3AFD04ECFEB7}.Ad-Hoc|Any CPU.ActiveCfg = Release|Any CPU
		{627FF3AC-19F5-43F4-9D31-3AFD04ECFEB7}.Ad-Hoc|Any CPU.Build.0 = Release|Any CPU
		{627FF3AC-19F5-43F4-9D31-3AFD04ECFEB7}.Ad-Hoc|Any CPU.Deploy.0 = Release|Any CPU
		{627FF3AC-19F5-43F4-9D31-3AFD04ECFEB7}.Ad-Hoc|ARM.ActiveCfg = Release|ARM
		{627FF3AC-19F5-43F4-9D31-3AFD04ECFEB7}.Ad-Hoc|ARM.Build.0 = Release|ARM
		{627FF3AC-19F5-43F4-9D31-3AFD04ECFEB7}.Ad-Hoc|ARM.Deploy.0 = Release|ARM
		{627FF3AC-19F5-43F4-9D31-3AFD04ECFEB7}.Ad-Hoc|iPhone.ActiveCfg = Release|Any CPU
		{627FF3AC-19F5-43F4-9D31-3AFD04ECFEB7}.Ad-Hoc|iPhone.Build.0 = Release|Any CPU
		{627FF3AC-19F5-43F4-9D31-3AFD04ECFEB7}.Ad-Hoc|iPhone.Deploy.0 = Release|Any CPU
		{627FF3AC-19F5-43F4-9D31-3AFD04ECFEB7}.Ad-Hoc|iPhoneSimulator.ActiveCfg = Release|Any CPU
		{627FF3AC-19F5-43F4-9D31-3AFD04ECFEB7}.Ad-Hoc|iPhoneSimulator.Build.0 = Release|Any CPU
		{627FF3AC-19F5-43F4-9D31-3AFD04ECFEB7}.Ad-Hoc|iPhoneSimulator.Deploy.0 = Release|Any CPU
		{627FF3AC-19F5-43F4-9D31-3AFD04ECFEB7}.Ad-Hoc|x64.ActiveCfg = Release|x64
		{627FF3AC-19F5-43F4-9D31-3AFD04ECFEB7}.Ad-Hoc|x64.Build.0 = Release|x64
		{627FF3AC-19F5-43F4-9D31-3AFD04ECFEB7}.Ad-Hoc|x64.Deploy.0 = Release|x64
		{627FF3AC-19F5-43F4-9D31-3AFD04ECFEB7}.Ad-Hoc|x86.ActiveCfg = Release|x86
		{627FF3AC-19F5-43F4-9D31-3AFD04ECFEB7}.Ad-Hoc|x86.Build.0 = Release|x86
		{627FF3AC-19F5-43F4-9D31-3AFD04ECFEB7}.Ad-Hoc|x86.Deploy.0 = Release|x86
		{627FF3AC-19F5-43F4-9D31-3AFD04ECFEB7}.AppStore|Any CPU.ActiveCfg = Release|Any CPU
		{627FF3AC-19F5-43F4-9D31-3AFD04ECFEB7}.AppStore|Any CPU.Build.0 = Release|Any CPU
		{627FF3AC-19F5-43F4-9D31-3AFD04ECFEB7}.AppStore|Any CPU.Deploy.0 = Release|Any CPU
		{627FF3AC-19F5-43F4-9D31-3AFD04ECFEB7}.AppStore|ARM.ActiveCfg = Release|ARM
		{627FF3AC-19F5-43F4-9D31-3AFD04ECFEB7}.AppStore|ARM.Build.0 = Release|ARM
		{627FF3AC-19F5-43F4-9D31-3AFD04ECFEB7}.AppStore|ARM.Deploy.0 = Release|ARM
		{627FF3AC-19F5-43F4-9D31-3AFD04ECFEB7}.AppStore|iPhone.ActiveCfg = Release|Any CPU
		{627FF3AC-19F5-43F4-9D31-3AFD04ECFEB7}.AppStore|iPhone.Build.0 = Release|Any CPU
		{627FF3AC-19F5-43F4-9D31-3AFD04ECFEB7}.AppStore|iPhone.Deploy.0 = Release|Any CPU
		{627FF3AC-19F5-43F4-9D31-3AFD04ECFEB7}.AppStore|iPhoneSimulator.ActiveCfg = Release|Any CPU
		{627FF3AC-19F5-43F4-9D31-3AFD04ECFEB7}.AppStore|iPhoneSimulator.Build.0 = Release|Any CPU
		{627FF3AC-19F5-43F4-9D31-3AFD04ECFEB7}.AppStore|iPhoneSimulator.Deploy.0 = Release|Any CPU
		{627FF3AC-19F5-43F4-9D31-3AFD04ECFEB7}.AppStore|x64.ActiveCfg = Release|x64
		{627FF3AC-19F5-43F4-9D31-3AFD04ECFEB7}.AppStore|x64.Build.0 = Release|x64
		{627FF3AC-19F5-43F4-9D31-3AFD04ECFEB7}.AppStore|x64.Deploy.0 = Release|x64
		{627FF3AC-19F5-43F4-9D31-3AFD04ECFEB7}.AppStore|x86.ActiveCfg = Release|x86
		{627FF3AC-19F5-43F4-9D31-3AFD04ECFEB7}.AppStore|x86.Build.0 = Release|x86
		{627FF3AC-19F5-43F4-9D31-3AFD04ECFEB7}.AppStore|x86.Deploy.0 = Release|x86
		{627FF3AC-19F5-43F4-9D31-3AFD04ECFEB7}.Debug|Any CPU.ActiveCfg = Debug|Any CPU
		{627FF3AC-19F5-43F4-9D31-3AFD04ECFEB7}.Debug|Any CPU.Build.0 = Debug|Any CPU
		{627FF3AC-19F5-43F4-9D31-3AFD04ECFEB7}.Debug|Any CPU.Deploy.0 = Debug|Any CPU
		{627FF3AC-19F5-43F4-9D31-3AFD04ECFEB7}.Debug|ARM.ActiveCfg = Debug|ARM
		{627FF3AC-19F5-43F4-9D31-3AFD04ECFEB7}.Debug|ARM.Build.0 = Debug|ARM
		{627FF3AC-19F5-43F4-9D31-3AFD04ECFEB7}.Debug|ARM.Deploy.0 = Debug|ARM
		{627FF3AC-19F5-43F4-9D31-3AFD04ECFEB7}.Debug|iPhone.ActiveCfg = Debug|Any CPU
		{627FF3AC-19F5-43F4-9D31-3AFD04ECFEB7}.Debug|iPhone.Build.0 = Debug|Any CPU
		{627FF3AC-19F5-43F4-9D31-3AFD04ECFEB7}.Debug|iPhone.Deploy.0 = Debug|Any CPU
		{627FF3AC-19F5-43F4-9D31-3AFD04ECFEB7}.Debug|iPhoneSimulator.ActiveCfg = Debug|Any CPU
		{627FF3AC-19F5-43F4-9D31-3AFD04ECFEB7}.Debug|iPhoneSimulator.Build.0 = Debug|Any CPU
		{627FF3AC-19F5-43F4-9D31-3AFD04ECFEB7}.Debug|iPhoneSimulator.Deploy.0 = Debug|Any CPU
		{627FF3AC-19F5-43F4-9D31-3AFD04ECFEB7}.Debug|x64.ActiveCfg = Debug|x64
		{627FF3AC-19F5-43F4-9D31-3AFD04ECFEB7}.Debug|x64.Build.0 = Debug|x64
		{627FF3AC-19F5-43F4-9D31-3AFD04ECFEB7}.Debug|x64.Deploy.0 = Debug|x64
		{627FF3AC-19F5-43F4-9D31-3AFD04ECFEB7}.Debug|x86.ActiveCfg = Debug|x86
		{627FF3AC-19F5-43F4-9D31-3AFD04ECFEB7}.Debug|x86.Build.0 = Debug|x86
		{627FF3AC-19F5-43F4-9D31-3AFD04ECFEB7}.Debug|x86.Deploy.0 = Debug|x86
		{627FF3AC-19F5-43F4-9D31-3AFD04ECFEB7}.Release|Any CPU.ActiveCfg = Release|Any CPU
		{627FF3AC-19F5-43F4-9D31-3AFD04ECFEB7}.Release|Any CPU.Build.0 = Release|Any CPU
		{627FF3AC-19F5-43F4-9D31-3AFD04ECFEB7}.Release|Any CPU.Deploy.0 = Release|Any CPU
		{627FF3AC-19F5-43F4-9D31-3AFD04ECFEB7}.Release|ARM.ActiveCfg = Release|ARM
		{627FF3AC-19F5-43F4-9D31-3AFD04ECFEB7}.Release|ARM.Build.0 = Release|ARM
		{627FF3AC-19F5-43F4-9D31-3AFD04ECFEB7}.Release|ARM.Deploy.0 = Release|ARM
		{627FF3AC-19F5-43F4-9D31-3AFD04ECFEB7}.Release|iPhone.ActiveCfg = Release|Any CPU
		{627FF3AC-19F5-43F4-9D31-3AFD04ECFEB7}.Release|iPhone.Build.0 = Release|Any CPU
		{627FF3AC-19F5-43F4-9D31-3AFD04ECFEB7}.Release|iPhone.Deploy.0 = Release|Any CPU
		{627FF3AC-19F5-43F4-9D31-3AFD04ECFEB7}.Release|iPhoneSimulator.ActiveCfg = Release|Any CPU
		{627FF3AC-19F5-43F4-9D31-3AFD04ECFEB7}.Release|iPhoneSimulator.Build.0 = Release|Any CPU
		{627FF3AC-19F5-43F4-9D31-3AFD04ECFEB7}.Release|iPhoneSimulator.Deploy.0 = Release|Any CPU
		{627FF3AC-19F5-43F4-9D31-3AFD04ECFEB7}.Release|x64.ActiveCfg = Release|x64
		{627FF3AC-19F5-43F4-9D31-3AFD04ECFEB7}.Release|x64.Build.0 = Release|x64
		{627FF3AC-19F5-43F4-9D31-3AFD04ECFEB7}.Release|x64.Deploy.0 = Release|x64
		{627FF3AC-19F5-43F4-9D31-3AFD04ECFEB7}.Release|x86.ActiveCfg = Release|x86
		{627FF3AC-19F5-43F4-9D31-3AFD04ECFEB7}.Release|x86.Build.0 = Release|x86
		{627FF3AC-19F5-43F4-9D31-3AFD04ECFEB7}.Release|x86.Deploy.0 = Release|x86
	EndGlobalSection
	GlobalSection(SolutionProperties) = preSolution
		HideSolutionNode = FALSE
	EndGlobalSection
EndGlobal
