
Microsoft Visual Studio Solution File, Format Version 12.00
# Visual Studio 14
VisualStudioVersion = 14.0.25420.1
MinimumVisualStudioVersion = 10.0.40219.1
Project("{FAE04EC0-301F-11D3-BF4B-00C04F79EFBC}") = "KiMobile.Droid", "KiMobile\KiMobile.Droid\KiMobile.Droid.csproj", "{653CB633-A38F-4925-A56A-C9A5F2DED3C8}"
EndProject
Project("{FAE04EC0-301F-11D3-BF4B-00C04F79EFBC}") = "KiMobile.iOS", "KiMobile\KiMobile.iOS\KiMobile.iOS.csproj", "{C6404B6B-B90A-4D16-9EE1-A23B69D965F2}"
EndProject
Project("{FAE04EC0-301F-11D3-BF4B-00C04F79EFBC}") = "KiMobile.WinPhone", "KiMobile\KiMobile.WinPhone\KiMobile.WinPhone.csproj", "{8D20E23B-574C-4C5B-B558-8E718A35FC05}"
EndProject
Project("{FAE04EC0-301F-11D3-BF4B-00C04F79EFBC}") = "KiMobile.UWP", "KiMobile\KiMobile.UWP\KiMobile.UWP.csproj", "{470B2B8F-139B-448E-A97E-F2D8EBC6AD83}"
EndProject
Project("{FAE04EC0-301F-11D3-BF4B-00C04F79EFBC}") = "KiMobile.Windows", "KiMobile\KiMobile.Windows\KiMobile.Windows.csproj", "{627FF3AC-19F5-43F4-9D31-3AFD04ECFEB7}"
EndProject
Project("{FAE04EC0-301F-11D3-BF4B-00C04F79EFBC}") = "Settings", "Settings\Settings.csproj", "{67F9D3A8-F71E-4428-913F-C37AE82CDB24}"
EndProject
Project("{FAE04EC0-301F-11D3-BF4B-00C04F79EFBC}") = "KiMobile.Main", "KiMobile.Main\KiMobile.Main\KiMobile.Main.csproj", "{E97E3C52-592C-435C-A345-ED7FF13CB659}"
EndProject
Project("{2150E333-8FDC-42A3-9474-1A3956D46DE8}") = "Software", "Software", "{5A89674C-2CB7-4811-8F40-8275B4DE3D98}"
EndProject
Global
	GlobalSection(SolutionConfigurationPlatforms) = preSolution
		Ad-Hoc|Any CPU = Ad-Hoc|Any CPU
		Ad-Hoc|ARM = Ad-Hoc|ARM
		Ad-Hoc|iPhone = Ad-Hoc|iPhone
		Ad-Hoc|iPhoneSimulator = Ad-Hoc|iPhoneSimulator
		Ad-Hoc|x64 = Ad-Hoc|x64
		Ad-Hoc|x86 = Ad-Hoc|x86
		AppStore|Any CPU = AppStore|Any CPU
		AppStore|ARM = AppStore|ARM
		AppStore|iPhone = AppStore|iPhone
		AppStore|iPhoneSimulator = AppStore|iPhoneSimulator
		AppStore|x64 = AppStore|x64
		AppStore|x86 = AppStore|x86
		Debug|Any CPU = Debug|Any CPU
		Debug|ARM = Debug|ARM
		Debug|iPhone = Debug|iPhone
		Debug|iPhoneSimulator = Debug|iPhoneSimulator
		Debug|x64 = Debug|x64
		Debug|x86 = Debug|x86
		Release|Any CPU = Release|Any CPU
		Release|ARM = Release|ARM
		Release|iPhone = Release|iPhone
		Release|iPhoneSimulator = Release|iPhoneSimulator
		Release|x64 = Release|x64
		Release|x86 = Release|x86
	EndGlobalSection
	GlobalSection(ProjectConfigurationPlatforms) = postSolution
		{653CB633-A38F-4925-A56A-C9A5F2DED3C8}.Ad-Hoc|Any CPU.ActiveCfg = Release|Any CPU
		{653CB633-A38F-4925-A56A-C9A5F2DED3C8}.Ad-Hoc|Any CPU.Build.0 = Release|Any CPU
		{653CB633-A38F-4925-A56A-C9A5F2DED3C8}.Ad-Hoc|Any CPU.Deploy.0 = Release|Any CPU
		{653CB633-A38F-4925-A56A-C9A5F2DED3C8}.Ad-Hoc|ARM.ActiveCfg = Release|Any CPU
		{653CB633-A38F-4925-A56A-C9A5F2DED3C8}.Ad-Hoc|ARM.Build.0 = Release|Any CPU
		{653CB633-A38F-4925-A56A-C9A5F2DED3C8}.Ad-Hoc|ARM.Deploy.0 = Release|Any CPU
		{653CB633-A38F-4925-A56A-C9A5F2DED3C8}.Ad-Hoc|iPhone.ActiveCfg = Release|Any CPU
		{653CB633-A38F-4925-A56A-C9A5F2DED3C8}.Ad-Hoc|iPhone.Build.0 = Release|Any CPU
		{653CB633-A38F-4925-A56A-C9A5F2DED3C8}.Ad-Hoc|iPhone.Deploy.0 = Release|Any CPU
		{653CB633-A38F-4925-A56A-C9A5F2DED3C8}.Ad-Hoc|iPhoneSimulator.ActiveCfg = Release|Any CPU
		{653CB633-A38F-4925-A56A-C9A5F2DED3C8}.Ad-Hoc|iPhoneSimulator.Build.0 = Release|Any CPU
		{653CB633-A38F-4925-A56A-C9A5F2DED3C8}.Ad-Hoc|iPhoneSimulator.Deploy.0 = Release|Any CPU
		{653CB633-A38F-4925-A56A-C9A5F2DED3C8}.Ad-Hoc|x64.ActiveCfg = Release|Any CPU
		{653CB633-A38F-4925-A56A-C9A5F2DED3C8}.Ad-Hoc|x64.Build.0 = Release|Any CPU
		{653CB633-A38F-4925-A56A-C9A5F2DED3C8}.Ad-Hoc|x64.Deploy.0 = Release|Any CPU
		{653CB633-A38F-4925-A56A-C9A5F2DED3C8}.Ad-Hoc|x86.ActiveCfg = Release|Any CPU
		{653CB633-A38F-4925-A56A-C9A5F2DED3C8}.Ad-Hoc|x86.Build.0 = Release|Any CPU
		{653CB633-A38F-4925-A56A-C9A5F2DED3C8}.Ad-Hoc|x86.Deploy.0 = Release|Any CPU
		{653CB633-A38F-4925-A56A-C9A5F2DED3C8}.AppStore|Any CPU.ActiveCfg = Release|Any CPU
		{653CB633-A38F-4925-A56A-C9A5F2DED3C8}.AppStore|Any CPU.Build.0 = Release|Any CPU
		{653CB633-A38F-4925-A56A-C9A5F2DED3C8}.AppStore|Any CPU.Deploy.0 = Release|Any CPU
		{653CB633-A38F-4925-A56A-C9A5F2DED3C8}.AppStore|ARM.ActiveCfg = Release|Any CPU
		{653CB633-A38F-4925-A56A-C9A5F2DED3C8}.AppStore|ARM.Build.0 = Release|Any CPU
		{653CB633-A38F-4925-A56A-C9A5F2DED3C8}.AppStore|ARM.Deploy.0 = Release|Any CPU
		{653CB633-A38F-4925-A56A-C9A5F2DED3C8}.AppStore|iPhone.ActiveCfg = Release|Any CPU
		{653CB633-A38F-4925-A56A-C9A5F2DED3C8}.AppStore|iPhone.Build.0 = Release|Any CPU
		{653CB633-A38F-4925-A56A-C9A5F2DED3C8}.AppStore|iPhone.Deploy.0 = Release|Any CPU
		{653CB633-A38F-4925-A56A-C9A5F2DED3C8}.AppStore|iPhoneSimulator.ActiveCfg = Release|Any CPU
		{653CB633-A38F-4925-A56A-C9A5F2DED3C8}.AppStore|iPhoneSimulator.Build.0 = Release|Any CPU
		{653CB633-A38F-4925-A56A-C9A5F2DED3C8}.AppStore|iPhoneSimulator.Deploy.0 = Release|Any CPU
		{653CB633-A38F-4925-A56A-C9A5F2DED3C8}.AppStore|x64.ActiveCfg = Release|Any CPU
		{653CB633-A38F-4925-A56A-C9A5F2DED3C8}.AppStore|x64.Build.0 = Release|Any CPU
		{653CB633-A38F-4925-A56A-C9A5F2DED3C8}.AppStore|x64.Deploy.0 = Release|Any CPU
		{653CB633-A38F-4925-A56A-C9A5F2DED3C8}.AppStore|x86.ActiveCfg = Release|Any CPU
		{653CB633-A38F-4925-A56A-C9A5F2DED3C8}.AppStore|x86.Build.0 = Release|Any CPU
		{653CB633-A38F-4925-A56A-C9A5F2DED3C8}.AppStore|x86.Deploy.0 = Release|Any CPU
		{653CB633-A38F-4925-A56A-C9A5F2DED3C8}.Debug|Any CPU.ActiveCfg = Debug|Any CPU
		{653CB633-A38F-4925-A56A-C9A5F2DED3C8}.Debug|Any CPU.Build.0 = Debug|Any CPU
		{653CB633-A38F-4925-A56A-C9A5F2DED3C8}.Debug|Any CPU.Deploy.0 = Debug|Any CPU
		{653CB633-A38F-4925-A56A-C9A5F2DED3C8}.Debug|ARM.ActiveCfg = Debug|Any CPU
		{653CB633-A38F-4925-A56A-C9A5F2DED3C8}.Debug|ARM.Build.0 = Debug|Any CPU
		{653CB633-A38F-4925-A56A-C9A5F2DED3C8}.Debug|ARM.Deploy.0 = Debug|Any CPU
		{653CB633-A38F-4925-A56A-C9A5F2DED3C8}.Debug|iPhone.ActiveCfg = Debug|Any CPU
		{653CB633-A38F-4925-A56A-C9A5F2DED3C8}.Debug|iPhone.Build.0 = Debug|Any CPU
		{653CB633-A38F-4925-A56A-C9A5F2DED3C8}.Debug|iPhone.Deploy.0 = Debug|Any CPU
		{653CB633-A38F-4925-A56A-C9A5F2DED3C8}.Debug|iPhoneSimulator.ActiveCfg = Debug|Any CPU
		{653CB633-A38F-4925-A56A-C9A5F2DED3C8}.Debug|iPhoneSimulator.Build.0 = Debug|Any CPU
		{653CB633-A38F-4925-A56A-C9A5F2DED3C8}.Debug|iPhoneSimulator.Deploy.0 = Debug|Any CPU
		{653CB633-A38F-4925-A56A-C9A5F2DED3C8}.Debug|x64.ActiveCfg = Debug|Any CPU
		{653CB633-A38F-4925-A56A-C9A5F2DED3C8}.Debug|x64.Build.0 = Debug|Any CPU
		{653CB633-A38F-4925-A56A-C9A5F2DED3C8}.Debug|x64.Deploy.0 = Debug|Any CPU
		{653CB633-A38F-4925-A56A-C9A5F2DED3C8}.Debug|x86.ActiveCfg = Debug|Any CPU
		{653CB633-A38F-4925-A56A-C9A5F2DED3C8}.Debug|x86.Build.0 = Debug|Any CPU
		{653CB633-A38F-4925-A56A-C9A5F2DED3C8}.Debug|x86.Deploy.0 = Debug|Any CPU
		{653CB633-A38F-4925-A56A-C9A5F2DED3C8}.Release|Any CPU.ActiveCfg = Release|Any CPU
		{653CB633-A38F-4925-A56A-C9A5F2DED3C8}.Release|Any CPU.Build.0 = Release|Any CPU
		{653CB633-A38F-4925-A56A-C9A5F2DED3C8}.Release|Any CPU.Deploy.0 = Release|Any CPU
		{653CB633-A38F-4925-A56A-C9A5F2DED3C8}.Release|ARM.ActiveCfg = Release|Any CPU
		{653CB633-A38F-4925-A56A-C9A5F2DED3C8}.Release|ARM.Build.0 = Release|Any CPU
		{653CB633-A38F-4925-A56A-C9A5F2DED3C8}.Release|ARM.Deploy.0 = Release|Any CPU
		{653CB633-A38F-4925-A56A-C9A5F2DED3C8}.Release|iPhone.ActiveCfg = Release|Any CPU
		{653CB633-A38F-4925-A56A-C9A5F2DED3C8}.Release|iPhone.Build.0 = Release|Any CPU
		{653CB633-A38F-4925-A56A-C9A5F2DED3C8}.Release|iPhone.Deploy.0 = Release|Any CPU
		{653CB633-A38F-4925-A56A-C9A5F2DED3C8}.Release|iPhoneSimulator.ActiveCfg = Release|Any CPU
		{653CB633-A38F-4925-A56A-C9A5F2DED3C8}.Release|iPhoneSimulator.Build.0 = Release|Any CPU
		{653CB633-A38F-4925-A56A-C9A5F2DED3C8}.Release|iPhoneSimulator.Deploy.0 = Release|Any CPU
		{653CB633-A38F-4925-A56A-C9A5F2DED3C8}.Release|x64.ActiveCfg = Release|Any CPU
		{653CB633-A38F-4925-A56A-C9A5F2DED3C8}.Release|x64.Build.0 = Release|Any CPU
		{653CB633-A38F-4925-A56A-C9A5F2DED3C8}.Release|x64.Deploy.0 = Release|Any CPU
		{653CB633-A38F-4925-A56A-C9A5F2DED3C8}.Release|x86.ActiveCfg = Release|Any CPU
		{653CB633-A38F-4925-A56A-C9A5F2DED3C8}.Release|x86.Build.0 = Release|Any CPU
		{653CB633-A38F-4925-A56A-C9A5F2DED3C8}.Release|x86.Deploy.0 = Release|Any CPU
		{C6404B6B-B90A-4D16-9EE1-A23B69D965F2}.Ad-Hoc|Any CPU.ActiveCfg = Ad-Hoc|iPhone
		{C6404B6B-B90A-4D16-9EE1-A23B69D965F2}.Ad-Hoc|ARM.ActiveCfg = Ad-Hoc|iPhone
		{C6404B6B-B90A-4D16-9EE1-A23B69D965F2}.Ad-Hoc|iPhone.ActiveCfg = Ad-Hoc|iPhone
		{C6404B6B-B90A-4D16-9EE1-A23B69D965F2}.Ad-Hoc|iPhone.Build.0 = Ad-Hoc|iPhone
		{C6404B6B-B90A-4D16-9EE1-A23B69D965F2}.Ad-Hoc|iPhoneSimulator.ActiveCfg = Ad-Hoc|iPhoneSimulator
		{C6404B6B-B90A-4D16-9EE1-A23B69D965F2}.Ad-Hoc|iPhoneSimulator.Build.0 = Ad-Hoc|iPhoneSimulator
		{C6404B6B-B90A-4D16-9EE1-A23B69D965F2}.Ad-Hoc|x64.ActiveCfg = Ad-Hoc|iPhone
		{C6404B6B-B90A-4D16-9EE1-A23B69D965F2}.Ad-Hoc|x86.ActiveCfg = Ad-Hoc|iPhone
		{C6404B6B-B90A-4D16-9EE1-A23B69D965F2}.AppStore|Any CPU.ActiveCfg = AppStore|iPhone
		{C6404B6B-B90A-4D16-9EE1-A23B69D965F2}.AppStore|ARM.ActiveCfg = AppStore|iPhone
		{C6404B6B-B90A-4D16-9EE1-A23B69D965F2}.AppStore|iPhone.ActiveCfg = AppStore|iPhone
		{C6404B6B-B90A-4D16-9EE1-A23B69D965F2}.AppStore|iPhone.Build.0 = AppStore|iPhone
		{C6404B6B-B90A-4D16-9EE1-A23B69D965F2}.AppStore|iPhoneSimulator.ActiveCfg = AppStore|iPhoneSimulator
		{C6404B6B-B90A-4D16-9EE1-A23B69D965F2}.AppStore|iPhoneSimulator.Build.0 = AppStore|iPhoneSimulator
		{C6404B6B-B90A-4D16-9EE1-A23B69D965F2}.AppStore|x64.ActiveCfg = AppStore|iPhone
		{C6404B6B-B90A-4D16-9EE1-A23B69D965F2}.AppStore|x86.ActiveCfg = AppStore|iPhone
		{C6404B6B-B90A-4D16-9EE1-A23B69D965F2}.Debug|Any CPU.ActiveCfg = Debug|iPhone
		{C6404B6B-B90A-4D16-9EE1-A23B69D965F2}.Debug|ARM.ActiveCfg = Debug|iPhone
		{C6404B6B-B90A-4D16-9EE1-A23B69D965F2}.Debug|iPhone.ActiveCfg = Debug|iPhone
		{C6404B6B-B90A-4D16-9EE1-A23B69D965F2}.Debug|iPhone.Build.0 = Debug|iPhone
		{C6404B6B-B90A-4D16-9EE1-A23B69D965F2}.Debug|iPhoneSimulator.ActiveCfg = Debug|iPhoneSimulator
		{C6404B6B-B90A-4D16-9EE1-A23B69D965F2}.Debug|iPhoneSimulator.Build.0 = Debug|iPhoneSimulator
		{C6404B6B-B90A-4D16-9EE1-A23B69D965F2}.Debug|x64.ActiveCfg = Debug|iPhone
		{C6404B6B-B90A-4D16-9EE1-A23B69D965F2}.Debug|x86.ActiveCfg = Debug|iPhone
		{C6404B6B-B90A-4D16-9EE1-A23B69D965F2}.Release|Any CPU.ActiveCfg = Release|iPhone
		{C6404B6B-B90A-4D16-9EE1-A23B69D965F2}.Release|ARM.ActiveCfg = Release|iPhone
		{C6404B6B-B90A-4D16-9EE1-A23B69D965F2}.Release|iPhone.ActiveCfg = Release|iPhone
		{C6404B6B-B90A-4D16-9EE1-A23B69D965F2}.Release|iPhone.Build.0 = Release|iPhone
		{C6404B6B-B90A-4D16-9EE1-A23B69D965F2}.Release|iPhoneSimulator.ActiveCfg = Release|iPhoneSimulator
		{C6404B6B-B90A-4D16-9EE1-A23B69D965F2}.Release|iPhoneSimulator.Build.0 = Release|iPhoneSimulator
		{C6404B6B-B90A-4D16-9EE1-A23B69D965F2}.Release|x64.ActiveCfg = Release|iPhone
		{C6404B6B-B90A-4D16-9EE1-A23B69D965F2}.Release|x86.ActiveCfg = Release|iPhone
		{8D20E23B-574C-4C5B-B558-8E718A35FC05}.Ad-Hoc|Any CPU.ActiveCfg = Release|Any CPU
		{8D20E23B-574C-4C5B-B558-8E718A35FC05}.Ad-Hoc|Any CPU.Build.0 = Release|Any CPU
		{8D20E23B-574C-4C5B-B558-8E718A35FC05}.Ad-Hoc|Any CPU.Deploy.0 = Release|Any CPU
		{8D20E23B-574C-4C5B-B558-8E718A35FC05}.Ad-Hoc|ARM.ActiveCfg = Release|ARM
		{8D20E23B-574C-4C5B-B558-8E718A35FC05}.Ad-Hoc|ARM.Build.0 = Release|ARM
		{8D20E23B-574C-4C5B-B558-8E718A35FC05}.Ad-Hoc|ARM.Deploy.0 = Release|ARM
		{8D20E23B-574C-4C5B-B558-8E718A35FC05}.Ad-Hoc|iPhone.ActiveCfg = Release|Any CPU
		{8D20E23B-574C-4C5B-B558-8E718A35FC05}.Ad-Hoc|iPhone.Build.0 = Release|Any CPU
		{8D20E23B-574C-4C5B-B558-8E718A35FC05}.Ad-Hoc|iPhone.Deploy.0 = Release|Any CPU
		{8D20E23B-574C-4C5B-B558-8E718A35FC05}.Ad-Hoc|iPhoneSimulator.ActiveCfg = Release|Any CPU
		{8D20E23B-574C-4C5B-B558-8E718A35FC05}.Ad-Hoc|iPhoneSimulator.Build.0 = Release|Any CPU
		{8D20E23B-574C-4C5B-B558-8E718A35FC05}.Ad-Hoc|iPhoneSimulator.Deploy.0 = Release|Any CPU
		{8D20E23B-574C-4C5B-B558-8E718A35FC05}.Ad-Hoc|x64.ActiveCfg = Release|Any CPU
		{8D20E23B-574C-4C5B-B558-8E718A35FC05}.Ad-Hoc|x64.Build.0 = Release|Any CPU
		{8D20E23B-574C-4C5B-B558-8E718A35FC05}.Ad-Hoc|x64.Deploy.0 = Release|Any CPU
		{8D20E23B-574C-4C5B-B558-8E718A35FC05}.Ad-Hoc|x86.ActiveCfg = Release|x86
		{8D20E23B-574C-4C5B-B558-8E718A35FC05}.Ad-Hoc|x86.Build.0 = Release|x86
		{8D20E23B-574C-4C5B-B558-8E718A35FC05}.Ad-Hoc|x86.Deploy.0 = Release|x86
		{8D20E23B-574C-4C5B-B558-8E718A35FC05}.AppStore|Any CPU.ActiveCfg = Release|Any CPU
		{8D20E23B-574C-4C5B-B558-8E718A35FC05}.AppStore|Any CPU.Build.0 = Release|Any CPU
		{8D20E23B-574C-4C5B-B558-8E718A35FC05}.AppStore|Any CPU.Deploy.0 = Release|Any CPU
		{8D20E23B-574C-4C5B-B558-8E718A35FC05}.AppStore|ARM.ActiveCfg = Release|ARM
		{8D20E23B-574C-4C5B-B558-8E718A35FC05}.AppStore|ARM.Build.0 = Release|ARM
		{8D20E23B-574C-4C5B-B558-8E718A35FC05}.AppStore|ARM.Deploy.0 = Release|ARM
		{8D20E23B-574C-4C5B-B558-8E718A35FC05}.AppStore|iPhone.ActiveCfg = Release|Any CPU
		{8D20E23B-574C-4C5B-B558-8E718A35FC05}.AppStore|iPhone.Build.0 = Release|Any CPU
		{8D20E23B-574C-4C5B-B558-8E718A35FC05}.AppStore|iPhone.Deploy.0 = Release|Any CPU
		{8D20E23B-574C-4C5B-B558-8E718A35FC05}.AppStore|iPhoneSimulator.ActiveCfg = Release|Any CPU
		{8D20E23B-574C-4C5B-B558-8E718A35FC05}.AppStore|iPhoneSimulator.Build.0 = Release|Any CPU
		{8D20E23B-574C-4C5B-B558-8E718A35FC05}.AppStore|iPhoneSimulator.Deploy.0 = Release|Any CPU
		{8D20E23B-574C-4C5B-B558-8E718A35FC05}.AppStore|x64.ActiveCfg = Release|Any CPU
		{8D20E23B-574C-4C5B-B558-8E718A35FC05}.AppStore|x64.Build.0 = Release|Any CPU
		{8D20E23B-574C-4C5B-B558-8E718A35FC05}.AppStore|x64.Deploy.0 = Release|Any CPU
		{8D20E23B-574C-4C5B-B558-8E718A35FC05}.AppStore|x86.ActiveCfg = Release|x86
		{8D20E23B-574C-4C5B-B558-8E718A35FC05}.AppStore|x86.Build.0 = Release|x86
		{8D20E23B-574C-4C5B-B558-8E718A35FC05}.AppStore|x86.Deploy.0 = Release|x86
		{8D20E23B-574C-4C5B-B558-8E718A35FC05}.Debug|Any CPU.ActiveCfg = Debug|Any CPU
		{8D20E23B-574C-4C5B-B558-8E718A35FC05}.Debug|ARM.ActiveCfg = Debug|ARM
		{8D20E23B-574C-4C5B-B558-8E718A35FC05}.Debug|ARM.Build.0 = Debug|ARM
		{8D20E23B-574C-4C5B-B558-8E718A35FC05}.Debug|ARM.Deploy.0 = Debug|ARM
		{8D20E23B-574C-4C5B-B558-8E718A35FC05}.Debug|iPhone.ActiveCfg = Debug|Any CPU
		{8D20E23B-574C-4C5B-B558-8E718A35FC05}.Debug|iPhone.Build.0 = Debug|Any CPU
		{8D20E23B-574C-4C5B-B558-8E718A35FC05}.Debug|iPhone.Deploy.0 = Debug|Any CPU
		{8D20E23B-574C-4C5B-B558-8E718A35FC05}.Debug|iPhoneSimulator.ActiveCfg = Debug|Any CPU
		{8D20E23B-574C-4C5B-B558-8E718A35FC05}.Debug|iPhoneSimulator.Build.0 = Debug|Any CPU
		{8D20E23B-574C-4C5B-B558-8E718A35FC05}.Debug|iPhoneSimulator.Deploy.0 = Debug|Any CPU
		{8D20E23B-574C-4C5B-B558-8E718A35FC05}.Debug|x64.ActiveCfg = Debug|Any CPU
		{8D20E23B-574C-4C5B-B558-8E718A35FC05}.Debug|x64.Build.0 = Debug|Any CPU
		{8D20E23B-574C-4C5B-B558-8E718A35FC05}.Debug|x64.Deploy.0 = Debug|Any CPU
		{8D20E23B-574C-4C5B-B558-8E718A35FC05}.Debug|x86.ActiveCfg = Debug|x86
		{8D20E23B-574C-4C5B-B558-8E718A35FC05}.Debug|x86.Build.0 = Debug|x86
		{8D20E23B-574C-4C5B-B558-8E718A35FC05}.Debug|x86.Deploy.0 = Debug|x86
		{8D20E23B-574C-4C5B-B558-8E718A35FC05}.Release|Any CPU.ActiveCfg = Release|Any CPU
		{8D20E23B-574C-4C5B-B558-8E718A35FC05}.Release|Any CPU.Build.0 = Release|Any CPU
		{8D20E23B-574C-4C5B-B558-8E718A35FC05}.Release|Any CPU.Deploy.0 = Release|Any CPU
		{8D20E23B-574C-4C5B-B558-8E718A35FC05}.Release|ARM.ActiveCfg = Release|ARM
		{8D20E23B-574C-4C5B-B558-8E718A35FC05}.Release|ARM.Build.0 = Release|ARM
		{8D20E23B-574C-4C5B-B558-8E718A35FC05}.Release|ARM.Deploy.0 = Release|ARM
		{8D20E23B-574C-4C5B-B558-8E718A35FC05}.Release|iPhone.ActiveCfg = Release|Any CPU
		{8D20E23B-574C-4C5B-B558-8E718A35FC05}.Release|iPhone.Build.0 = Release|Any CPU
		{8D20E23B-574C-4C5B-B558-8E718A35FC05}.Release|iPhone.Deploy.0 = Release|Any CPU
		{8D20E23B-574C-4C5B-B558-8E718A35FC05}.Release|iPhoneSimulator.ActiveCfg = Release|Any CPU
		{8D20E23B-574C-4C5B-B558-8E718A35FC05}.Release|iPhoneSimulator.Build.0 = Release|Any CPU
		{8D20E23B-574C-4C5B-B558-8E718A35FC05}.Release|iPhoneSimulator.Deploy.0 = Release|Any CPU
		{8D20E23B-574C-4C5B-B558-8E718A35FC05}.Release|x64.ActiveCfg = Release|Any CPU
		{8D20E23B-574C-4C5B-B558-8E718A35FC05}.Release|x64.Build.0 = Release|Any CPU
		{8D20E23B-574C-4C5B-B558-8E718A35FC05}.Release|x64.Deploy.0 = Release|Any CPU
		{8D20E23B-574C-4C5B-B558-8E718A35FC05}.Release|x86.ActiveCfg = Release|x86
		{8D20E23B-574C-4C5B-B558-8E718A35FC05}.Release|x86.Build.0 = Release|x86
		{8D20E23B-574C-4C5B-B558-8E718A35FC05}.Release|x86.Deploy.0 = Release|x86
		{470B2B8F-139B-448E-A97E-F2D8EBC6AD83}.Ad-Hoc|Any CPU.ActiveCfg = Release|x86
		{470B2B8F-139B-448E-A97E-F2D8EBC6AD83}.Ad-Hoc|Any CPU.Build.0 = Release|x86
		{470B2B8F-139B-448E-A97E-F2D8EBC6AD83}.Ad-Hoc|Any CPU.Deploy.0 = Release|x86
		{470B2B8F-139B-448E-A97E-F2D8EBC6AD83}.Ad-Hoc|ARM.ActiveCfg = Release|ARM
		{470B2B8F-139B-448E-A97E-F2D8EBC6AD83}.Ad-Hoc|ARM.Build.0 = Release|ARM
		{470B2B8F-139B-448E-A97E-F2D8EBC6AD83}.Ad-Hoc|ARM.Deploy.0 = Release|ARM
		{470B2B8F-139B-448E-A97E-F2D8EBC6AD83}.Ad-Hoc|iPhone.ActiveCfg = Release|x86
		{470B2B8F-139B-448E-A97E-F2D8EBC6AD83}.Ad-Hoc|iPhone.Build.0 = Release|x86
		{470B2B8F-139B-448E-A97E-F2D8EBC6AD83}.Ad-Hoc|iPhone.Deploy.0 = Release|x86
		{470B2B8F-139B-448E-A97E-F2D8EBC6AD83}.Ad-Hoc|iPhoneSimulator.ActiveCfg = Release|x86
		{470B2B8F-139B-448E-A97E-F2D8EBC6AD83}.Ad-Hoc|iPhoneSimulator.Build.0 = Release|x86
		{470B2B8F-139B-448E-A97E-F2D8EBC6AD83}.Ad-Hoc|iPhoneSimulator.Deploy.0 = Release|x86
		{470B2B8F-139B-448E-A97E-F2D8EBC6AD83}.Ad-Hoc|x64.ActiveCfg = Release|x64
		{470B2B8F-139B-448E-A97E-F2D8EBC6AD83}.Ad-Hoc|x64.Build.0 = Release|x64
		{470B2B8F-139B-448E-A97E-F2D8EBC6AD83}.Ad-Hoc|x64.Deploy.0 = Release|x64
		{470B2B8F-139B-448E-A97E-F2D8EBC6AD83}.Ad-Hoc|x86.ActiveCfg = Release|x86
		{470B2B8F-139B-448E-A97E-F2D8EBC6AD83}.Ad-Hoc|x86.Build.0 = Release|x86
		{470B2B8F-139B-448E-A97E-F2D8EBC6AD83}.Ad-Hoc|x86.Deploy.0 = Release|x86
		{470B2B8F-139B-448E-A97E-F2D8EBC6AD83}.AppStore|Any CPU.ActiveCfg = Release|x86
		{470B2B8F-139B-448E-A97E-F2D8EBC6AD83}.AppStore|Any CPU.Build.0 = Release|x86
		{470B2B8F-139B-448E-A97E-F2D8EBC6AD83}.AppStore|Any CPU.Deploy.0 = Release|x86
		{470B2B8F-139B-448E-A97E-F2D8EBC6AD83}.AppStore|ARM.ActiveCfg = Release|ARM
		{470B2B8F-139B-448E-A97E-F2D8EBC6AD83}.AppStore|ARM.Build.0 = Release|ARM
		{470B2B8F-139B-448E-A97E-F2D8EBC6AD83}.AppStore|ARM.Deploy.0 = Release|ARM
		{470B2B8F-139B-448E-A97E-F2D8EBC6AD83}.AppStore|iPhone.ActiveCfg = Release|x86
		{470B2B8F-139B-448E-A97E-F2D8EBC6AD83}.AppStore|iPhone.Build.0 = Release|x86
		{470B2B8F-139B-448E-A97E-F2D8EBC6AD83}.AppStore|iPhone.Deploy.0 = Release|x86
		{470B2B8F-139B-448E-A97E-F2D8EBC6AD83}.AppStore|iPhoneSimulator.ActiveCfg = Release|x86
		{470B2B8F-139B-448E-A97E-F2D8EBC6AD83}.AppStore|iPhoneSimulator.Build.0 = Release|x86
		{470B2B8F-139B-448E-A97E-F2D8EBC6AD83}.AppStore|iPhoneSimulator.Deploy.0 = Release|x86
		{470B2B8F-139B-448E-A97E-F2D8EBC6AD83}.AppStore|x64.ActiveCfg = Release|x64
		{470B2B8F-139B-448E-A97E-F2D8EBC6AD83}.AppStore|x64.Build.0 = Release|x64
		{470B2B8F-139B-448E-A97E-F2D8EBC6AD83}.AppStore|x64.Deploy.0 = Release|x64
		{470B2B8F-139B-448E-A97E-F2D8EBC6AD83}.AppStore|x86.ActiveCfg = Release|x86
		{470B2B8F-139B-448E-A97E-F2D8EBC6AD83}.AppStore|x86.Build.0 = Release|x86
		{470B2B8F-139B-448E-A97E-F2D8EBC6AD83}.AppStore|x86.Deploy.0 = Release|x86
		{470B2B8F-139B-448E-A97E-F2D8EBC6AD83}.Debug|Any CPU.ActiveCfg = Debug|x86
		{470B2B8F-139B-448E-A97E-F2D8EBC6AD83}.Debug|ARM.ActiveCfg = Debug|ARM
		{470B2B8F-139B-448E-A97E-F2D8EBC6AD83}.Debug|ARM.Build.0 = Debug|ARM
		{470B2B8F-139B-448E-A97E-F2D8EBC6AD83}.Debug|ARM.Deploy.0 = Debug|ARM
		{470B2B8F-139B-448E-A97E-F2D8EBC6AD83}.Debug|iPhone.ActiveCfg = Debug|x86
		{470B2B8F-139B-448E-A97E-F2D8EBC6AD83}.Debug|iPhoneSimulator.ActiveCfg = Debug|x86
		{470B2B8F-139B-448E-A97E-F2D8EBC6AD83}.Debug|x64.ActiveCfg = Debug|x64
		{470B2B8F-139B-448E-A97E-F2D8EBC6AD83}.Debug|x64.Build.0 = Debug|x64
		{470B2B8F-139B-448E-A97E-F2D8EBC6AD83}.Debug|x64.Deploy.0 = Debug|x64
		{470B2B8F-139B-448E-A97E-F2D8EBC6AD83}.Debug|x86.ActiveCfg = Debug|x86
		{470B2B8F-139B-448E-A97E-F2D8EBC6AD83}.Debug|x86.Build.0 = Debug|x86
		{470B2B8F-139B-448E-A97E-F2D8EBC6AD83}.Debug|x86.Deploy.0 = Debug|x86
		{470B2B8F-139B-448E-A97E-F2D8EBC6AD83}.Release|Any CPU.ActiveCfg = Release|x86
		{470B2B8F-139B-448E-A97E-F2D8EBC6AD83}.Release|ARM.ActiveCfg = Release|ARM
		{470B2B8F-139B-448E-A97E-F2D8EBC6AD83}.Release|ARM.Build.0 = Release|ARM
		{470B2B8F-139B-448E-A97E-F2D8EBC6AD83}.Release|ARM.Deploy.0 = Release|ARM
		{470B2B8F-139B-448E-A97E-F2D8EBC6AD83}.Release|iPhone.ActiveCfg = Release|x86
		{470B2B8F-139B-448E-A97E-F2D8EBC6AD83}.Release|iPhoneSimulator.ActiveCfg = Release|x86
		{470B2B8F-139B-448E-A97E-F2D8EBC6AD83}.Release|x64.ActiveCfg = Release|x64
		{470B2B8F-139B-448E-A97E-F2D8EBC6AD83}.Release|x64.Build.0 = Release|x64
		{470B2B8F-139B-448E-A97E-F2D8EBC6AD83}.Release|x64.Deploy.0 = Release|x64
		{470B2B8F-139B-448E-A97E-F2D8EBC6AD83}.Release|x86.ActiveCfg = Release|x86
		{470B2B8F-139B-448E-A97E-F2D8EBC6AD83}.Release|x86.Build.0 = Release|x86
		{470B2B8F-139B-448E-A97E-F2D8EBC6AD83}.Release|x86.Deploy.0 = Release|x86
		{627FF3AC-19F5-43F4-9D31-3AFD04ECFEB7}.Ad-Hoc|Any CPU.ActiveCfg = Release|Any CPU
		{627FF3AC-19F5-43F4-9D31-3AFD04ECFEB7}.Ad-Hoc|Any CPU.Build.0 = Release|Any CPU
		{627FF3AC-19F5-43F4-9D31-3AFD04ECFEB7}.Ad-Hoc|Any CPU.Deploy.0 = Release|Any CPU
		{627FF3AC-19F5-43F4-9D31-3AFD04ECFEB7}.Ad-Hoc|ARM.ActiveCfg = Release|ARM
		{627FF3AC-19F5-43F4-9D31-3AFD04ECFEB7}.Ad-Hoc|ARM.Build.0 = Release|ARM
		{627FF3AC-19F5-43F4-9D31-3AFD04ECFEB7}.Ad-Hoc|ARM.Deploy.0 = Release|ARM
		{627FF3AC-19F5-43F4-9D31-3AFD04ECFEB7}.Ad-Hoc|iPhone.ActiveCfg = Release|Any CPU
		{627FF3AC-19F5-43F4-9D31-3AFD04ECFEB7}.Ad-Hoc|iPhone.Build.0 = Release|Any CPU
		{627FF3AC-19F5-43F4-9D31-3AFD04ECFEB7}.Ad-Hoc|iPhone.Deploy.0 = Release|Any CPU
		{627FF3AC-19F5-43F4-9D31-3AFD04ECFEB7}.Ad-Hoc|iPhoneSimulator.ActiveCfg = Release|Any CPU
		{627FF3AC-19F5-43F4-9D31-3AFD04ECFEB7}.Ad-Hoc|iPhoneSimulator.Build.0 = Release|Any CPU
		{627FF3AC-19F5-43F4-9D31-3AFD04ECFEB7}.Ad-Hoc|iPhoneSimulator.Deploy.0 = Release|Any CPU
		{627FF3AC-19F5-43F4-9D31-3AFD04ECFEB7}.Ad-Hoc|x64.ActiveCfg = Release|x64
		{627FF3AC-19F5-43F4-9D31-3AFD04ECFEB7}.Ad-Hoc|x64.Build.0 = Release|x64
		{627FF3AC-19F5-43F4-9D31-3AFD04ECFEB7}.Ad-Hoc|x64.Deploy.0 = Release|x64
		{627FF3AC-19F5-43F4-9D31-3AFD04ECFEB7}.Ad-Hoc|x86.ActiveCfg = Release|x86
		{627FF3AC-19F5-43F4-9D31-3AFD04ECFEB7}.Ad-Hoc|x86.Build.0 = Release|x86
		{627FF3AC-19F5-43F4-9D31-3AFD04ECFEB7}.Ad-Hoc|x86.Deploy.0 = Release|x86
		{627FF3AC-19F5-43F4-9D31-3AFD04ECFEB7}.AppStore|Any CPU.ActiveCfg = Release|Any CPU
		{627FF3AC-19F5-43F4-9D31-3AFD04ECFEB7}.AppStore|Any CPU.Build.0 = Release|Any CPU
		{627FF3AC-19F5-43F4-9D31-3AFD04ECFEB7}.AppStore|Any CPU.Deploy.0 = Release|Any CPU
		{627FF3AC-19F5-43F4-9D31-3AFD04ECFEB7}.AppStore|ARM.ActiveCfg = Release|ARM
		{627FF3AC-19F5-43F4-9D31-3AFD04ECFEB7}.AppStore|ARM.Build.0 = Release|ARM
		{627FF3AC-19F5-43F4-9D31-3AFD04ECFEB7}.AppStore|ARM.Deploy.0 = Release|ARM
		{627FF3AC-19F5-43F4-9D31-3AFD04ECFEB7}.AppStore|iPhone.ActiveCfg = Release|Any CPU
		{627FF3AC-19F5-43F4-9D31-3AFD04ECFEB7}.AppStore|iPhone.Build.0 = Release|Any CPU
		{627FF3AC-19F5-43F4-9D31-3AFD04ECFEB7}.AppStore|iPhone.Deploy.0 = Release|Any CPU
		{627FF3AC-19F5-43F4-9D31-3AFD04ECFEB7}.AppStore|iPhoneSimulator.ActiveCfg = Release|Any CPU
		{627FF3AC-19F5-43F4-9D31-3AFD04ECFEB7}.AppStore|iPhoneSimulator.Build.0 = Release|Any CPU
		{627FF3AC-19F5-43F4-9D31-3AFD04ECFEB7}.AppStore|iPhoneSimulator.Deploy.0 = Release|Any CPU
		{627FF3AC-19F5-43F4-9D31-3AFD04ECFEB7}.AppStore|x64.ActiveCfg = Release|x64
		{627FF3AC-19F5-43F4-9D31-3AFD04ECFEB7}.AppStore|x64.Build.0 = Release|x64
		{627FF3AC-19F5-43F4-9D31-3AFD04ECFEB7}.AppStore|x64.Deploy.0 = Release|x64
		{627FF3AC-19F5-43F4-9D31-3AFD04ECFEB7}.AppStore|x86.ActiveCfg = Release|x86
		{627FF3AC-19F5-43F4-9D31-3AFD04ECFEB7}.AppStore|x86.Build.0 = Release|x86
		{627FF3AC-19F5-43F4-9D31-3AFD04ECFEB7}.AppStore|x86.Deploy.0 = Release|x86
		{627FF3AC-19F5-43F4-9D31-3AFD04ECFEB7}.Debug|Any CPU.ActiveCfg = Debug|Any CPU
		{627FF3AC-19F5-43F4-9D31-3AFD04ECFEB7}.Debug|ARM.ActiveCfg = Debug|ARM
		{627FF3AC-19F5-43F4-9D31-3AFD04ECFEB7}.Debug|ARM.Build.0 = Debug|ARM
		{627FF3AC-19F5-43F4-9D31-3AFD04ECFEB7}.Debug|ARM.Deploy.0 = Debug|ARM
		{627FF3AC-19F5-43F4-9D31-3AFD04ECFEB7}.Debug|iPhone.ActiveCfg = Debug|Any CPU
		{627FF3AC-19F5-43F4-9D31-3AFD04ECFEB7}.Debug|iPhone.Build.0 = Debug|Any CPU
		{627FF3AC-19F5-43F4-9D31-3AFD04ECFEB7}.Debug|iPhone.Deploy.0 = Debug|Any CPU
		{627FF3AC-19F5-43F4-9D31-3AFD04ECFEB7}.Debug|iPhoneSimulator.ActiveCfg = Debug|Any CPU
		{627FF3AC-19F5-43F4-9D31-3AFD04ECFEB7}.Debug|iPhoneSimulator.Build.0 = Debug|Any CPU
		{627FF3AC-19F5-43F4-9D31-3AFD04ECFEB7}.Debug|iPhoneSimulator.Deploy.0 = Debug|Any CPU
		{627FF3AC-19F5-43F4-9D31-3AFD04ECFEB7}.Debug|x64.ActiveCfg = Debug|x64
		{627FF3AC-19F5-43F4-9D31-3AFD04ECFEB7}.Debug|x64.Build.0 = Debug|x64
		{627FF3AC-19F5-43F4-9D31-3AFD04ECFEB7}.Debug|x64.Deploy.0 = Debug|x64
		{627FF3AC-19F5-43F4-9D31-3AFD04ECFEB7}.Debug|x86.ActiveCfg = Debug|x86
		{627FF3AC-19F5-43F4-9D31-3AFD04ECFEB7}.Debug|x86.Build.0 = Debug|x86
		{627FF3AC-19F5-43F4-9D31-3AFD04ECFEB7}.Debug|x86.Deploy.0 = Debug|x86
		{627FF3AC-19F5-43F4-9D31-3AFD04ECFEB7}.Release|Any CPU.ActiveCfg = Release|Any CPU
		{627FF3AC-19F5-43F4-9D31-3AFD04ECFEB7}.Release|Any CPU.Build.0 = Release|Any CPU
		{627FF3AC-19F5-43F4-9D31-3AFD04ECFEB7}.Release|Any CPU.Deploy.0 = Release|Any CPU
		{627FF3AC-19F5-43F4-9D31-3AFD04ECFEB7}.Release|ARM.ActiveCfg = Release|ARM
		{627FF3AC-19F5-43F4-9D31-3AFD04ECFEB7}.Release|ARM.Build.0 = Release|ARM
		{627FF3AC-19F5-43F4-9D31-3AFD04ECFEB7}.Release|ARM.Deploy.0 = Release|ARM
		{627FF3AC-19F5-43F4-9D31-3AFD04ECFEB7}.Release|iPhone.ActiveCfg = Release|Any CPU
		{627FF3AC-19F5-43F4-9D31-3AFD04ECFEB7}.Release|iPhone.Build.0 = Release|Any CPU
		{627FF3AC-19F5-43F4-9D31-3AFD04ECFEB7}.Release|iPhone.Deploy.0 = Release|Any CPU
		{627FF3AC-19F5-43F4-9D31-3AFD04ECFEB7}.Release|iPhoneSimulator.ActiveCfg = Release|Any CPU
		{627FF3AC-19F5-43F4-9D31-3AFD04ECFEB7}.Release|iPhoneSimulator.Build.0 = Release|Any CPU
		{627FF3AC-19F5-43F4-9D31-3AFD04ECFEB7}.Release|iPhoneSimulator.Deploy.0 = Release|Any CPU
		{627FF3AC-19F5-43F4-9D31-3AFD04ECFEB7}.Release|x64.ActiveCfg = Release|x64
		{627FF3AC-19F5-43F4-9D31-3AFD04ECFEB7}.Release|x64.Build.0 = Release|x64
		{627FF3AC-19F5-43F4-9D31-3AFD04ECFEB7}.Release|x64.Deploy.0 = Release|x64
		{627FF3AC-19F5-43F4-9D31-3AFD04ECFEB7}.Release|x86.ActiveCfg = Release|x86
		{627FF3AC-19F5-43F4-9D31-3AFD04ECFEB7}.Release|x86.Build.0 = Release|x86
		{627FF3AC-19F5-43F4-9D31-3AFD04ECFEB7}.Release|x86.Deploy.0 = Release|x86
		{67F9D3A8-F71E-4428-913F-C37AE82CDB24}.Ad-Hoc|Any CPU.ActiveCfg = Release|Any CPU
		{67F9D3A8-F71E-4428-913F-C37AE82CDB24}.Ad-Hoc|Any CPU.Build.0 = Release|Any CPU
		{67F9D3A8-F71E-4428-913F-C37AE82CDB24}.Ad-Hoc|ARM.ActiveCfg = Release|Any CPU
		{67F9D3A8-F71E-4428-913F-C37AE82CDB24}.Ad-Hoc|ARM.Build.0 = Release|Any CPU
		{67F9D3A8-F71E-4428-913F-C37AE82CDB24}.Ad-Hoc|iPhone.ActiveCfg = Release|Any CPU
		{67F9D3A8-F71E-4428-913F-C37AE82CDB24}.Ad-Hoc|iPhone.Build.0 = Release|Any CPU
		{67F9D3A8-F71E-4428-913F-C37AE82CDB24}.Ad-Hoc|iPhoneSimulator.ActiveCfg = Release|Any CPU
		{67F9D3A8-F71E-4428-913F-C37AE82CDB24}.Ad-Hoc|iPhoneSimulator.Build.0 = Release|Any CPU
		{67F9D3A8-F71E-4428-913F-C37AE82CDB24}.Ad-Hoc|x64.ActiveCfg = Release|Any CPU
		{67F9D3A8-F71E-4428-913F-C37AE82CDB24}.Ad-Hoc|x64.Build.0 = Release|Any CPU
		{67F9D3A8-F71E-4428-913F-C37AE82CDB24}.Ad-Hoc|x86.ActiveCfg = Release|Any CPU
		{67F9D3A8-F71E-4428-913F-C37AE82CDB24}.Ad-Hoc|x86.Build.0 = Release|Any CPU
		{67F9D3A8-F71E-4428-913F-C37AE82CDB24}.AppStore|Any CPU.ActiveCfg = Release|Any CPU
		{67F9D3A8-F71E-4428-913F-C37AE82CDB24}.AppStore|Any CPU.Build.0 = Release|Any CPU
		{67F9D3A8-F71E-4428-913F-C37AE82CDB24}.AppStore|ARM.ActiveCfg = Release|Any CPU
		{67F9D3A8-F71E-4428-913F-C37AE82CDB24}.AppStore|ARM.Build.0 = Release|Any CPU
		{67F9D3A8-F71E-4428-913F-C37AE82CDB24}.AppStore|iPhone.ActiveCfg = Release|Any CPU
		{67F9D3A8-F71E-4428-913F-C37AE82CDB24}.AppStore|iPhone.Build.0 = Release|Any CPU
		{67F9D3A8-F71E-4428-913F-C37AE82CDB24}.AppStore|iPhoneSimulator.ActiveCfg = Release|Any CPU
		{67F9D3A8-F71E-4428-913F-C37AE82CDB24}.AppStore|iPhoneSimulator.Build.0 = Release|Any CPU
		{67F9D3A8-F71E-4428-913F-C37AE82CDB24}.AppStore|x64.ActiveCfg = Release|Any CPU
		{67F9D3A8-F71E-4428-913F-C37AE82CDB24}.AppStore|x64.Build.0 = Release|Any CPU
		{67F9D3A8-F71E-4428-913F-C37AE82CDB24}.AppStore|x86.ActiveCfg = Release|Any CPU
		{67F9D3A8-F71E-4428-913F-C37AE82CDB24}.AppStore|x86.Build.0 = Release|Any CPU
		{67F9D3A8-F71E-4428-913F-C37AE82CDB24}.Debug|Any CPU.ActiveCfg = Debug|Any CPU
		{67F9D3A8-F71E-4428-913F-C37AE82CDB24}.Debug|Any CPU.Build.0 = Debug|Any CPU
		{67F9D3A8-F71E-4428-913F-C37AE82CDB24}.Debug|ARM.ActiveCfg = Debug|Any CPU
		{67F9D3A8-F71E-4428-913F-C37AE82CDB24}.Debug|ARM.Build.0 = Debug|Any CPU
		{67F9D3A8-F71E-4428-913F-C37AE82CDB24}.Debug|iPhone.ActiveCfg = Debug|Any CPU
		{67F9D3A8-F71E-4428-913F-C37AE82CDB24}.Debug|iPhone.Build.0 = Debug|Any CPU
		{67F9D3A8-F71E-4428-913F-C37AE82CDB24}.Debug|iPhoneSimulator.ActiveCfg = Debug|Any CPU
		{67F9D3A8-F71E-4428-913F-C37AE82CDB24}.Debug|iPhoneSimulator.Build.0 = Debug|Any CPU
		{67F9D3A8-F71E-4428-913F-C37AE82CDB24}.Debug|x64.ActiveCfg = Debug|Any CPU
		{67F9D3A8-F71E-4428-913F-C37AE82CDB24}.Debug|x64.Build.0 = Debug|Any CPU
		{67F9D3A8-F71E-4428-913F-C37AE82CDB24}.Debug|x86.ActiveCfg = Debug|Any CPU
		{67F9D3A8-F71E-4428-913F-C37AE82CDB24}.Debug|x86.Build.0 = Debug|Any CPU
		{67F9D3A8-F71E-4428-913F-C37AE82CDB24}.Release|Any CPU.ActiveCfg = Release|Any CPU
		{67F9D3A8-F71E-4428-913F-C37AE82CDB24}.Release|Any CPU.Build.0 = Release|Any CPU
		{67F9D3A8-F71E-4428-913F-C37AE82CDB24}.Release|ARM.ActiveCfg = Release|Any CPU
		{67F9D3A8-F71E-4428-913F-C37AE82CDB24}.Release|ARM.Build.0 = Release|Any CPU
		{67F9D3A8-F71E-4428-913F-C37AE82CDB24}.Release|iPhone.ActiveCfg = Release|Any CPU
		{67F9D3A8-F71E-4428-913F-C37AE82CDB24}.Release|iPhone.Build.0 = Release|Any CPU
		{67F9D3A8-F71E-4428-913F-C37AE82CDB24}.Release|iPhoneSimulator.ActiveCfg = Release|Any CPU
		{67F9D3A8-F71E-4428-913F-C37AE82CDB24}.Release|iPhoneSimulator.Build.0 = Release|Any CPU
		{67F9D3A8-F71E-4428-913F-C37AE82CDB24}.Release|x64.ActiveCfg = Release|Any CPU
		{67F9D3A8-F71E-4428-913F-C37AE82CDB24}.Release|x64.Build.0 = Release|Any CPU
		{67F9D3A8-F71E-4428-913F-C37AE82CDB24}.Release|x86.ActiveCfg = Release|Any CPU
		{67F9D3A8-F71E-4428-913F-C37AE82CDB24}.Release|x86.Build.0 = Release|Any CPU
		{E97E3C52-592C-435C-A345-ED7FF13CB659}.Ad-Hoc|Any CPU.ActiveCfg = Release|Any CPU
		{E97E3C52-592C-435C-A345-ED7FF13CB659}.Ad-Hoc|Any CPU.Build.0 = Release|Any CPU
		{E97E3C52-592C-435C-A345-ED7FF13CB659}.Ad-Hoc|ARM.ActiveCfg = Release|Any CPU
		{E97E3C52-592C-435C-A345-ED7FF13CB659}.Ad-Hoc|ARM.Build.0 = Release|Any CPU
		{E97E3C52-592C-435C-A345-ED7FF13CB659}.Ad-Hoc|iPhone.ActiveCfg = Release|Any CPU
		{E97E3C52-592C-435C-A345-ED7FF13CB659}.Ad-Hoc|iPhone.Build.0 = Release|Any CPU
		{E97E3C52-592C-435C-A345-ED7FF13CB659}.Ad-Hoc|iPhoneSimulator.ActiveCfg = Release|Any CPU
		{E97E3C52-592C-435C-A345-ED7FF13CB659}.Ad-Hoc|iPhoneSimulator.Build.0 = Release|Any CPU
		{E97E3C52-592C-435C-A345-ED7FF13CB659}.Ad-Hoc|x64.ActiveCfg = Release|Any CPU
		{E97E3C52-592C-435C-A345-ED7FF13CB659}.Ad-Hoc|x64.Build.0 = Release|Any CPU
		{E97E3C52-592C-435C-A345-ED7FF13CB659}.Ad-Hoc|x86.ActiveCfg = Release|Any CPU
		{E97E3C52-592C-435C-A345-ED7FF13CB659}.Ad-Hoc|x86.Build.0 = Release|Any CPU
		{E97E3C52-592C-435C-A345-ED7FF13CB659}.AppStore|Any CPU.ActiveCfg = Release|Any CPU
		{E97E3C52-592C-435C-A345-ED7FF13CB659}.AppStore|Any CPU.Build.0 = Release|Any CPU
		{E97E3C52-592C-435C-A345-ED7FF13CB659}.AppStore|ARM.ActiveCfg = Release|Any CPU
		{E97E3C52-592C-435C-A345-ED7FF13CB659}.AppStore|ARM.Build.0 = Release|Any CPU
		{E97E3C52-592C-435C-A345-ED7FF13CB659}.AppStore|iPhone.ActiveCfg = Release|Any CPU
		{E97E3C52-592C-435C-A345-ED7FF13CB659}.AppStore|iPhone.Build.0 = Release|Any CPU
		{E97E3C52-592C-435C-A345-ED7FF13CB659}.AppStore|iPhoneSimulator.ActiveCfg = Release|Any CPU
		{E97E3C52-592C-435C-A345-ED7FF13CB659}.AppStore|iPhoneSimulator.Build.0 = Release|Any CPU
		{E97E3C52-592C-435C-A345-ED7FF13CB659}.AppStore|x64.ActiveCfg = Release|Any CPU
		{E97E3C52-592C-435C-A345-ED7FF13CB659}.AppStore|x64.Build.0 = Release|Any CPU
		{E97E3C52-592C-435C-A345-ED7FF13CB659}.AppStore|x86.ActiveCfg = Release|Any CPU
		{E97E3C52-592C-435C-A345-ED7FF13CB659}.AppStore|x86.Build.0 = Release|Any CPU
		{E97E3C52-592C-435C-A345-ED7FF13CB659}.Debug|Any CPU.ActiveCfg = Debug|Any CPU
		{E97E3C52-592C-435C-A345-ED7FF13CB659}.Debug|Any CPU.Build.0 = Debug|Any CPU
		{E97E3C52-592C-435C-A345-ED7FF13CB659}.Debug|ARM.ActiveCfg = Debug|Any CPU
		{E97E3C52-592C-435C-A345-ED7FF13CB659}.Debug|ARM.Build.0 = Debug|Any CPU
		{E97E3C52-592C-435C-A345-ED7FF13CB659}.Debug|iPhone.ActiveCfg = Debug|Any CPU
		{E97E3C52-592C-435C-A345-ED7FF13CB659}.Debug|iPhone.Build.0 = Debug|Any CPU
		{E97E3C52-592C-435C-A345-ED7FF13CB659}.Debug|iPhoneSimulator.ActiveCfg = Debug|Any CPU
		{E97E3C52-592C-435C-A345-ED7FF13CB659}.Debug|iPhoneSimulator.Build.0 = Debug|Any CPU
		{E97E3C52-592C-435C-A345-ED7FF13CB659}.Debug|x64.ActiveCfg = Debug|Any CPU
		{E97E3C52-592C-435C-A345-ED7FF13CB659}.Debug|x64.Build.0 = Debug|Any CPU
		{E97E3C52-592C-435C-A345-ED7FF13CB659}.Debug|x86.ActiveCfg = Debug|Any CPU
		{E97E3C52-592C-435C-A345-ED7FF13CB659}.Debug|x86.Build.0 = Debug|Any CPU
		{E97E3C52-592C-435C-A345-ED7FF13CB659}.Release|Any CPU.ActiveCfg = Release|Any CPU
		{E97E3C52-592C-435C-A345-ED7FF13CB659}.Release|Any CPU.Build.0 = Release|Any CPU
		{E97E3C52-592C-435C-A345-ED7FF13CB659}.Release|ARM.ActiveCfg = Release|Any CPU
		{E97E3C52-592C-435C-A345-ED7FF13CB659}.Release|ARM.Build.0 = Release|Any CPU
		{E97E3C52-592C-435C-A345-ED7FF13CB659}.Release|iPhone.ActiveCfg = Release|Any CPU
		{E97E3C52-592C-435C-A345-ED7FF13CB659}.Release|iPhone.Build.0 = Release|Any CPU
		{E97E3C52-592C-435C-A345-ED7FF13CB659}.Release|iPhoneSimulator.ActiveCfg = Release|Any CPU
		{E97E3C52-592C-435C-A345-ED7FF13CB659}.Release|iPhoneSimulator.Build.0 = Release|Any CPU
		{E97E3C52-592C-435C-A345-ED7FF13CB659}.Release|x64.ActiveCfg = Release|Any CPU
		{E97E3C52-592C-435C-A345-ED7FF13CB659}.Release|x64.Build.0 = Release|Any CPU
		{E97E3C52-592C-435C-A345-ED7FF13CB659}.Release|x86.ActiveCfg = Release|Any CPU
		{E97E3C52-592C-435C-A345-ED7FF13CB659}.Release|x86.Build.0 = Release|Any CPU
	EndGlobalSection
	GlobalSection(SolutionProperties) = preSolution
		HideSolutionNode = FALSE
	EndGlobalSection
	GlobalSection(NestedProjects) = preSolution
		{67F9D3A8-F71E-4428-913F-C37AE82CDB24} = {5A89674C-2CB7-4811-8F40-8275B4DE3D98}
		{E97E3C52-592C-435C-A345-ED7FF13CB659} = {5A89674C-2CB7-4811-8F40-8275B4DE3D98}
	EndGlobalSection
EndGlobal
